// !$*UTF8*$!
{
	archiveVersion = 1;
	classes = {
	};
	objectVersion = 51;
	objects = {

/* Begin PBXAggregateTarget section */
		4E029B7022BEF5EC00CAE074 /* Localization */ = {
			isa = PBXAggregateTarget;
			buildConfigurationList = 4E029B7322BEF5EE00CAE074 /* Build configuration list for PBXAggregateTarget "Localization" */;
			buildPhases = (
				4E029B7622BEF60200CAE074 /* ACKLocalization */,
			);
			dependencies = (
			);
			name = Localization;
			productName = Localization;
		};
/* End PBXAggregateTarget section */

/* Begin PBXBuildFile section */
		36842284AC7704A71EF232A0 /* Pods_courseworkZoo.framework in Frameworks */ = {isa = PBXBuildFile; fileRef = 711782C2015ED379B8884DBE /* Pods_courseworkZoo.framework */; };
		4E01D56922B930BE00CE4552 /* LoadError.swift in Sources */ = {isa = PBXBuildFile; fileRef = 4E01D56822B930BE00CE4552 /* LoadError.swift */; };
		4E01E18522D461F80016B533 /* TitleHeader.swift in Sources */ = {isa = PBXBuildFile; fileRef = 4E01E18422D461F80016B533 /* TitleHeader.swift */; };
		4E01E18922D4A97E0016B533 /* VoiceSettingsRepository.swift in Sources */ = {isa = PBXBuildFile; fileRef = 4E01E18822D4A97E0016B533 /* VoiceSettingsRepository.swift */; };
		4E01E18B22D4ACDD0016B533 /* HasVoiceSettingsRepository.swift in Sources */ = {isa = PBXBuildFile; fileRef = 4E01E18A22D4ACDD0016B533 /* HasVoiceSettingsRepository.swift */; };
		4E0386B322BFF84100250011 /* MainViewModel.swift in Sources */ = {isa = PBXBuildFile; fileRef = 4E0386B222BFF84000250011 /* MainViewModel.swift */; };
		4E0386B722C0098700250011 /* TestAnimalDetailViewController.swift in Sources */ = {isa = PBXBuildFile; fileRef = 4E0386B622C0098700250011 /* TestAnimalDetailViewController.swift */; };
		4E0386B922C009CC00250011 /* TestEnums.swift in Sources */ = {isa = PBXBuildFile; fileRef = 4E0386B822C009CC00250011 /* TestEnums.swift */; };
		4E0386BB22C009FF00250011 /* TestAnimalListViewController.swift in Sources */ = {isa = PBXBuildFile; fileRef = 4E0386BA22C009FF00250011 /* TestAnimalListViewController.swift */; };
		4E0386BD22C00A1F00250011 /* TestSettingsInformation.swift in Sources */ = {isa = PBXBuildFile; fileRef = 4E0386BC22C00A1F00250011 /* TestSettingsInformation.swift */; };
		4E0434FA22DB1CD600C5D912 /* SelectInformationViewModel.swift in Sources */ = {isa = PBXBuildFile; fileRef = 4E0434F922DB1CD600C5D912 /* SelectInformationViewModel.swift */; };
		4E0434FC22DB5CB300C5D912 /* SelectInformationViewController.swift in Sources */ = {isa = PBXBuildFile; fileRef = 4E0434FB22DB5CB300C5D912 /* SelectInformationViewController.swift */; };
		4E04B7EF22BA23AA00349FA0 /* AnimalDetailViewController.swift in Sources */ = {isa = PBXBuildFile; fileRef = 4E04B7EE22BA23AA00349FA0 /* AnimalDetailViewController.swift */; };
		4E05C92922ECA4BB00A8CA01 /* RouteWithAnimalsService.swift in Sources */ = {isa = PBXBuildFile; fileRef = 4E05C92822ECA4BB00A8CA01 /* RouteWithAnimalsService.swift */; };
		4E05C92F22ECEA5E00A8CA01 /* HasRouteWithAnimalsService.swift in Sources */ = {isa = PBXBuildFile; fileRef = 4E05C92E22ECEA5E00A8CA01 /* HasRouteWithAnimalsService.swift */; };
		4E069C4422F5BB57009722EA /* strings.swift in Sources */ = {isa = PBXBuildFile; fileRef = 4E069C4322F5BB56009722EA /* strings.swift */; };
		4E08028422DC96620085B226 /* ProcessAnimalInformationService.swift in Sources */ = {isa = PBXBuildFile; fileRef = 4E08028322DC96620085B226 /* ProcessAnimalInformationService.swift */; };
		4E08028622DCC2690085B226 /* HasProcessAnimalInformationService.swift in Sources */ = {isa = PBXBuildFile; fileRef = 4E08028522DCC2690085B226 /* HasProcessAnimalInformationService.swift */; };
		4E082E3422F03045002F0475 /* ContinentsViewModel.swift in Sources */ = {isa = PBXBuildFile; fileRef = 4E082E3322F03045002F0475 /* ContinentsViewModel.swift */; };
		4E082E3622F0318F002F0475 /* ContinentsViewController.swift in Sources */ = {isa = PBXBuildFile; fileRef = 4E082E3522F0318F002F0475 /* ContinentsViewController.swift */; };
		4E082E3822F05E97002F0475 /* AnimalsInContinentViewModel.swift in Sources */ = {isa = PBXBuildFile; fileRef = 4E082E3722F05E97002F0475 /* AnimalsInContinentViewModel.swift */; };
		4E082E3A22F0959B002F0475 /* AnimalsInContinentViewController.swift in Sources */ = {isa = PBXBuildFile; fileRef = 4E082E3922F0959B002F0475 /* AnimalsInContinentViewController.swift */; };
		4E09264A22B79876001BEAED /* Actuality.swift in Sources */ = {isa = PBXBuildFile; fileRef = 4E09264922B79876001BEAED /* Actuality.swift */; };
		4E09264C22B79968001BEAED /* SpeechService.swift in Sources */ = {isa = PBXBuildFile; fileRef = 4E09264B22B79968001BEAED /* SpeechService.swift */; };
		4E0A669222BBF78800545C00 /* courseworkZooUITests.swift in Sources */ = {isa = PBXBuildFile; fileRef = 4E0A669122BBF78800545C00 /* courseworkZooUITests.swift */; };
		4E0A66AE22BBF98B00545C00 /* courseworkZooTests.swift in Sources */ = {isa = PBXBuildFile; fileRef = 4E0A66AD22BBF98B00545C00 /* courseworkZooTests.swift */; };
		4E0A66B622BC0FC900545C00 /* TestDependency.swift in Sources */ = {isa = PBXBuildFile; fileRef = 4E0A66B522BC0FC900545C00 /* TestDependency.swift */; };
		4E0AA4B72288630E00398D53 /* APIService.swift in Sources */ = {isa = PBXBuildFile; fileRef = 4E0AA4B62288630E00398D53 /* APIService.swift */; };
		4E0BACD122F3382D00D908A9 /* AnimalsEatingKindOfFoodViewController.swift in Sources */ = {isa = PBXBuildFile; fileRef = 4E0BACD022F3382D00D908A9 /* AnimalsEatingKindOfFoodViewController.swift */; };
		4E0CBFF722D35300008E076A /* VerticalMenu.swift in Sources */ = {isa = PBXBuildFile; fileRef = 4E0CBFF622D35300008E076A /* VerticalMenu.swift */; };
		4E0CBFF922D3531C008E076A /* VerticalMenuItem.swift in Sources */ = {isa = PBXBuildFile; fileRef = 4E0CBFF822D3531C008E076A /* VerticalMenuItem.swift */; };
		4E0CBFFB22D36A5F008E076A /* MainLexiconViewController.swift in Sources */ = {isa = PBXBuildFile; fileRef = 4E0CBFFA22D36A5F008E076A /* MainLexiconViewController.swift */; };
		4E0CBFFD22D36B01008E076A /* MainLexiconViewModel.swift in Sources */ = {isa = PBXBuildFile; fileRef = 4E0CBFFC22D36B01008E076A /* MainLexiconViewModel.swift */; };
		4E0E553D22F1ABF70014E118 /* KindsOfFoodViewModel.swift in Sources */ = {isa = PBXBuildFile; fileRef = 4E0E553C22F1ABF70014E118 /* KindsOfFoodViewModel.swift */; };
		4E0E553F22F1ACB90014E118 /* KindsOfFoodViewController.swift in Sources */ = {isa = PBXBuildFile; fileRef = 4E0E553E22F1ACB90014E118 /* KindsOfFoodViewController.swift */; };
		4E0E554122F1C8740014E118 /* AnimalsEatingKindOfFoodViewModel.swift in Sources */ = {isa = PBXBuildFile; fileRef = 4E0E554022F1C8740014E118 /* AnimalsEatingKindOfFoodViewModel.swift */; };
		4E0E9DC422D5CEC900528AC0 /* SelectAnimalsToPathViewController.swift in Sources */ = {isa = PBXBuildFile; fileRef = 4E0E9DC322D5CEC900528AC0 /* SelectAnimalsToPathViewController.swift */; };
		4E0E9DC822D5D08F00528AC0 /* PathRepository.swift in Sources */ = {isa = PBXBuildFile; fileRef = 4E0E9DC722D5D08F00528AC0 /* PathRepository.swift */; };
		4E0E9DCA22D5DC1100528AC0 /* Path.swift in Sources */ = {isa = PBXBuildFile; fileRef = 4E0E9DC922D5DC1100528AC0 /* Path.swift */; };
		4E0E9DCC22D5E3D000528AC0 /* HasPathRepository.swift in Sources */ = {isa = PBXBuildFile; fileRef = 4E0E9DCB22D5E3D000528AC0 /* HasPathRepository.swift */; };
		4E0E9DCE22D5E50100528AC0 /* SelectAnimalsToPathViewModel.swift in Sources */ = {isa = PBXBuildFile; fileRef = 4E0E9DCD22D5E50100528AC0 /* SelectAnimalsToPathViewModel.swift */; };
		4E0E9DD022D5F5BA00528AC0 /* GoToLexiconDelegate.swift in Sources */ = {isa = PBXBuildFile; fileRef = 4E0E9DCF22D5F5BA00528AC0 /* GoToLexiconDelegate.swift */; };
		4E0E9DD222D5FBC500528AC0 /* AnimalWithActionCell.swift in Sources */ = {isa = PBXBuildFile; fileRef = 4E0E9DD122D5FBC500528AC0 /* AnimalWithActionCell.swift */; };
		4E0E9DD622D62C5500528AC0 /* ChooseSavedPathViewModel.swift in Sources */ = {isa = PBXBuildFile; fileRef = 4E0E9DD522D62C5500528AC0 /* ChooseSavedPathViewModel.swift */; };
		4E0E9DD822D62CA200528AC0 /* ChooseSavedPathViewController.swift in Sources */ = {isa = PBXBuildFile; fileRef = 4E0E9DD722D62CA200528AC0 /* ChooseSavedPathViewController.swift */; };
		4E0E9DDA22D6414300528AC0 /* ParametersOfVisitRepository.swift in Sources */ = {isa = PBXBuildFile; fileRef = 4E0E9DD922D6414300528AC0 /* ParametersOfVisitRepository.swift */; };
		4E0EB69D22B37EB100831DDB /* Constants.swift in Sources */ = {isa = PBXBuildFile; fileRef = 4E0EB69C22B37EB100831DDB /* Constants.swift */; };
		4E0EB69F22B3870600831DDB /* String.swift in Sources */ = {isa = PBXBuildFile; fileRef = 4E0EB69E22B3870600831DDB /* String.swift */; };
		4E0EBAF922B4E997003D9CD1 /* BaseViewModel.swift in Sources */ = {isa = PBXBuildFile; fileRef = 4E0EBAF822B4E997003D9CD1 /* BaseViewModel.swift */; };
		4E106B9F22C3605600D236A9 /* MainViewController.swift in Sources */ = {isa = PBXBuildFile; fileRef = 4E106B9E22C3605600D236A9 /* MainViewController.swift */; };
		4E106BA322C3806800D236A9 /* GoBackDelegate.swift in Sources */ = {isa = PBXBuildFile; fileRef = 4E106BA222C3806800D236A9 /* GoBackDelegate.swift */; };
		4E106BA722C380A100D236A9 /* GoToAnimalDetailDelegate.swift in Sources */ = {isa = PBXBuildFile; fileRef = 4E106BA622C380A100D236A9 /* GoToAnimalDetailDelegate.swift */; };
		4E106BA922C3812500D236A9 /* MainDelegate.swift in Sources */ = {isa = PBXBuildFile; fileRef = 4E106BA822C3812500D236A9 /* MainDelegate.swift */; };
		4E106BAB22C39DDB00D236A9 /* BaseViewController.swift in Sources */ = {isa = PBXBuildFile; fileRef = 4E106BAA22C39DDB00D236A9 /* BaseViewController.swift */; };
		4E10C4D822D080D30028EBBC /* Colors.swift in Sources */ = {isa = PBXBuildFile; fileRef = 4E10C4D722D080D30028EBBC /* Colors.swift */; };
		4E10C6FA2279921900CB6821 /* Localizable.strings in Resources */ = {isa = PBXBuildFile; fileRef = 4E10C6FC2279921900CB6821 /* Localizable.strings */; };
		4E128A7A22F9923F00B9B802 /* PieceOfPath.swift in Sources */ = {isa = PBXBuildFile; fileRef = 4E128A7922F9923F00B9B802 /* PieceOfPath.swift */; };
		4E1311DA22E3B0F600F6CD1A /* AnimalsInBiotopeViewModel.swift in Sources */ = {isa = PBXBuildFile; fileRef = 4E1311D922E3B0F600F6CD1A /* AnimalsInBiotopeViewModel.swift */; };
		4E161B6922DEFF970078C372 /* AnimalAnnotation.swift in Sources */ = {isa = PBXBuildFile; fileRef = 4E161B6822DEFF970078C372 /* AnimalAnnotation.swift */; };
		4E163E7822D724200090176F /* SavePathPopoverViewController.swift in Sources */ = {isa = PBXBuildFile; fileRef = 4E163E7722D724200090176F /* SavePathPopoverViewController.swift */; };
		4E163E7A22D73FBF0090176F /* SavePathViewModel.swift in Sources */ = {isa = PBXBuildFile; fileRef = 4E163E7922D73FBF0090176F /* SavePathViewModel.swift */; };
		4E175CF022BE78BF00690F79 /* AnimalDetailViewModel.swift in Sources */ = {isa = PBXBuildFile; fileRef = 4E175CEF22BE78BF00690F79 /* AnimalDetailViewModel.swift */; };
		4E175CF222BE7A7000690F79 /* BiotopeBinding.swift in Sources */ = {isa = PBXBuildFile; fileRef = 4E175CF122BE7A7000690F79 /* BiotopeBinding.swift */; };
		4E175CF422BE7A8200690F79 /* FoodBinding.swift in Sources */ = {isa = PBXBuildFile; fileRef = 4E175CF322BE7A8200690F79 /* FoodBinding.swift */; };
		4E175CF622BE7D1400690F79 /* ContinentBinding.swift in Sources */ = {isa = PBXBuildFile; fileRef = 4E175CF522BE7D1400690F79 /* ContinentBinding.swift */; };
		4E175CF822BE800700690F79 /* Bindable.swift in Sources */ = {isa = PBXBuildFile; fileRef = 4E175CF722BE800700690F79 /* Bindable.swift */; };
		4E175CFA22BE818C00690F79 /* BindingRepository.swift in Sources */ = {isa = PBXBuildFile; fileRef = 4E175CF922BE818C00690F79 /* BindingRepository.swift */; };
		4E175CFC22BE99C000690F79 /* Food.swift in Sources */ = {isa = PBXBuildFile; fileRef = 4E175CFB22BE99C000690F79 /* Food.swift */; };
		4E175CFE22BE99D500690F79 /* Biotope.swift in Sources */ = {isa = PBXBuildFile; fileRef = 4E175CFD22BE99D500690F79 /* Biotope.swift */; };
		4E18BABF22E88061003B0FEA /* BaseLexiconViewModel.swift in Sources */ = {isa = PBXBuildFile; fileRef = 4E18BABE22E88061003B0FEA /* BaseLexiconViewModel.swift */; };
		4E18BAC122E88B53003B0FEA /* SearchResultsPopoverViewController.swift in Sources */ = {isa = PBXBuildFile; fileRef = 4E18BAC022E88B52003B0FEA /* SearchResultsPopoverViewController.swift */; };
		4E19306722BD4AC800716BAD /* Repository.swift in Sources */ = {isa = PBXBuildFile; fileRef = 4E19306622BD4AC800716BAD /* Repository.swift */; };
		4E19737322D902AE00BB41D1 /* SettingParametersOfVisitViewModel.swift in Sources */ = {isa = PBXBuildFile; fileRef = 4E19737222D902AE00BB41D1 /* SettingParametersOfVisitViewModel.swift */; };
		4E19737522D9035200BB41D1 /* HasParametersOfVisitRepository.swift in Sources */ = {isa = PBXBuildFile; fileRef = 4E19737422D9035200BB41D1 /* HasParametersOfVisitRepository.swift */; };
		4E19737722D906A000BB41D1 /* SettingParametersOfVisitViewController.swift in Sources */ = {isa = PBXBuildFile; fileRef = 4E19737622D906A000BB41D1 /* SettingParametersOfVisitViewController.swift */; };
		4E1AA7B722E0A40B00B9CE77 /* ClassViewModel.swift in Sources */ = {isa = PBXBuildFile; fileRef = 4E1AA7B622E0A40B00B9CE77 /* ClassViewModel.swift */; };
		4E1AA7B922E0B42300B9CE77 /* Class.swift in Sources */ = {isa = PBXBuildFile; fileRef = 4E1AA7B822E0B42300B9CE77 /* Class.swift */; };
		4E1AA7BB22E0B4D100B9CE77 /* ClassRepository.swift in Sources */ = {isa = PBXBuildFile; fileRef = 4E1AA7BA22E0B4D100B9CE77 /* ClassRepository.swift */; };
		4E1AA7BD22E0B8A600B9CE77 /* HasClassRepository.swift in Sources */ = {isa = PBXBuildFile; fileRef = 4E1AA7BC22E0B8A600B9CE77 /* HasClassRepository.swift */; };
		4E1AA7BF22E0BA9400B9CE77 /* ClassViewController.swift in Sources */ = {isa = PBXBuildFile; fileRef = 4E1AA7BE22E0BA9400B9CE77 /* ClassViewController.swift */; };
		4E1AA7C122E0FE7F00B9CE77 /* OrdersInClassViewModel.swift in Sources */ = {isa = PBXBuildFile; fileRef = 4E1AA7C022E0FE7F00B9CE77 /* OrdersInClassViewModel.swift */; };
		4E1AA7C322E1011B00B9CE77 /* OrdersInClassViewController.swift in Sources */ = {isa = PBXBuildFile; fileRef = 4E1AA7C222E1011B00B9CE77 /* OrdersInClassViewController.swift */; };
		4E1AF93922E9B5600064BF74 /* Screen.swift in Sources */ = {isa = PBXBuildFile; fileRef = 4E1AF93822E9B5600064BF74 /* Screen.swift */; };
		4E1F228922E2590C0026CCDF /* BiotopesViewModel.swift in Sources */ = {isa = PBXBuildFile; fileRef = 4E1F228822E2590C0026CCDF /* BiotopesViewModel.swift */; };
		4E1F228B22E25A760026CCDF /* BiotopesViewController.swift in Sources */ = {isa = PBXBuildFile; fileRef = 4E1F228A22E25A760026CCDF /* BiotopesViewController.swift */; };
		4E1F46A422E5D6E300B9B757 /* PavilionsViewModel.swift in Sources */ = {isa = PBXBuildFile; fileRef = 4E1F46A322E5D6E300B9B757 /* PavilionsViewModel.swift */; };
		4E1F46A622E5D82C00B9B757 /* PavilionsViewController.swift in Sources */ = {isa = PBXBuildFile; fileRef = 4E1F46A522E5D82C00B9B757 /* PavilionsViewController.swift */; };
		4E1F46A822E5E61400B9B757 /* AnimalsInPavilionViewModel.swift in Sources */ = {isa = PBXBuildFile; fileRef = 4E1F46A722E5E61400B9B757 /* AnimalsInPavilionViewModel.swift */; };
		4E1F46AA22E5E78700B9B757 /* AnimalsInPavilionViewController.swift in Sources */ = {isa = PBXBuildFile; fileRef = 4E1F46A922E5E78700B9B757 /* AnimalsInPavilionViewController.swift */; };
		4E1F781D22E452A600436437 /* AnimalsInBiotopeViewController.swift in Sources */ = {isa = PBXBuildFile; fileRef = 4E1F781C22E452A600436437 /* AnimalsInBiotopeViewController.swift */; };
		4E1F782122E48DAF00436437 /* BaseLexiconViewController.swift in Sources */ = {isa = PBXBuildFile; fileRef = 4E1F782022E48DAF00436437 /* BaseLexiconViewController.swift */; };
		4E2609D3227DADD300D41EDA /* AnimalRepository.swift in Sources */ = {isa = PBXBuildFile; fileRef = 4E2609D2227DADD300D41EDA /* AnimalRepository.swift */; };
		4E2609D5227DADEB00D41EDA /* LocalityRepository.swift in Sources */ = {isa = PBXBuildFile; fileRef = 4E2609D4227DADEB00D41EDA /* LocalityRepository.swift */; };
		4E261EED22D21C6400E30C4A /* speakingCharacter.gif in Resources */ = {isa = PBXBuildFile; fileRef = 4E261EEC22D21C6400E30C4A /* speakingCharacter.gif */; };
		4E2D80D02274E11900B5E194 /* AppDelegate.swift in Sources */ = {isa = PBXBuildFile; fileRef = 4E2D80CF2274E11900B5E194 /* AppDelegate.swift */; };
		4E2D80D52274E11A00B5E194 /* Main.storyboard in Resources */ = {isa = PBXBuildFile; fileRef = 4E2D80D32274E11A00B5E194 /* Main.storyboard */; };
		4E2D80D72274E13A00B5E194 /* Assets.xcassets in Resources */ = {isa = PBXBuildFile; fileRef = 4E2D80D62274E13A00B5E194 /* Assets.xcassets */; };
		4E2D80DA2274E13A00B5E194 /* LaunchScreen.storyboard in Resources */ = {isa = PBXBuildFile; fileRef = 4E2D80D82274E13A00B5E194 /* LaunchScreen.storyboard */; };
		4E32BFD122FDAB0F00D503FF /* Line.swift in Sources */ = {isa = PBXBuildFile; fileRef = 4E32BFD022FDAB0F00D503FF /* Line.swift */; };
		4E32BFD322FDAF4200D503FF /* CountService.swift in Sources */ = {isa = PBXBuildFile; fileRef = 4E32BFD222FDAF4200D503FF /* CountService.swift */; };
		4E33E91222BFB25B001EB907 /* monkeys.gif in Resources */ = {isa = PBXBuildFile; fileRef = 4E33E91122BFB25B001EB907 /* monkeys.gif */; };
		4E3F483722E21A1A00585CCB /* AnimalsInOrderViewModel.swift in Sources */ = {isa = PBXBuildFile; fileRef = 4E3F483622E21A1A00585CCB /* AnimalsInOrderViewModel.swift */; };
		4E3F483922E21C4E00585CCB /* AnimalsInOrderViewController.swift in Sources */ = {isa = PBXBuildFile; fileRef = 4E3F483822E21C4E00585CCB /* AnimalsInOrderViewController.swift */; };
		4E70200422FC144B0028C595 /* LegendViewItem.swift in Sources */ = {isa = PBXBuildFile; fileRef = 4E70200322FC144B0028C595 /* LegendViewItem.swift */; };
		4E70200622FC159A0028C595 /* LegendView.swift in Sources */ = {isa = PBXBuildFile; fileRef = 4E70200522FC159A0028C595 /* LegendView.swift */; };
		4E734AA222C7740D000A74B1 /* AlmostEquatable.swift in Sources */ = {isa = PBXBuildFile; fileRef = 4E734AA122C7740D000A74B1 /* AlmostEquatable.swift */; };
		4E734AA522C774DC000A74B1 /* SaidInfo.swift in Sources */ = {isa = PBXBuildFile; fileRef = 4E734AA422C774DC000A74B1 /* SaidInfo.swift */; };
		4E734AAA22C7797D000A74B1 /* LoadedEntity.swift in Sources */ = {isa = PBXBuildFile; fileRef = 4E734AA922C7797D000A74B1 /* LoadedEntity.swift */; };
		4E806576227CCAF6006A312A /* Animal.swift in Sources */ = {isa = PBXBuildFile; fileRef = 4E806575227CCAF6006A312A /* Animal.swift */; };
		4E86DAD3227D7F2A00F78027 /* Continent.swift in Sources */ = {isa = PBXBuildFile; fileRef = 4E86DAD2227D7F2A00F78027 /* Continent.swift */; };
		4E86DAD5227D99E800F78027 /* LocalityType.swift in Sources */ = {isa = PBXBuildFile; fileRef = 4E86DAD4227D99E800F78027 /* LocalityType.swift */; };
		4E86DAD7227D99FD00F78027 /* Locality.swift in Sources */ = {isa = PBXBuildFile; fileRef = 4E86DAD6227D99FD00F78027 /* Locality.swift */; };
		4EA6015922EB7E6600B29185 /* LexiconDelegate.swift in Sources */ = {isa = PBXBuildFile; fileRef = 4EA6015822EB7E6600B29185 /* LexiconDelegate.swift */; };
		4EAE636E22C4EC2400624328 /* HasAnimalRepository.swift in Sources */ = {isa = PBXBuildFile; fileRef = 4EAE636D22C4EC2400624328 /* HasAnimalRepository.swift */; };
		4EAE637022C4EC3700624328 /* HasLocalityRepository.swift in Sources */ = {isa = PBXBuildFile; fileRef = 4EAE636F22C4EC3700624328 /* HasLocalityRepository.swift */; };
		4EAE637222C4EC5000624328 /* HasSpeechService.swift in Sources */ = {isa = PBXBuildFile; fileRef = 4EAE637122C4EC5000624328 /* HasSpeechService.swift */; };
		4EAE637622C4EC8400624328 /* HasBiotopeBindingsRepository.swift in Sources */ = {isa = PBXBuildFile; fileRef = 4EAE637522C4EC8400624328 /* HasBiotopeBindingsRepository.swift */; };
		4EAE637822C4EC9800624328 /* HasFoodBindingsRepository.swift in Sources */ = {isa = PBXBuildFile; fileRef = 4EAE637722C4EC9700624328 /* HasFoodBindingsRepository.swift */; };
		4EAE637A22C4ECAF00624328 /* HasContinentBindingsRepository.swift in Sources */ = {isa = PBXBuildFile; fileRef = 4EAE637922C4ECAF00624328 /* HasContinentBindingsRepository.swift */; };
		4EF6ADB922BA9F84006D9648 /* AppFlowCoordinator.swift in Sources */ = {isa = PBXBuildFile; fileRef = 4EF6ADB822BA9F84006D9648 /* AppFlowCoordinator.swift */; };
		4EF6ADBB22BAA097006D9648 /* AppDependency.swift in Sources */ = {isa = PBXBuildFile; fileRef = 4EF6ADBA22BAA097006D9648 /* AppDependency.swift */; };
		4EF6ADBD22BAD0BC006D9648 /* BaseFlowCoordinator.swift in Sources */ = {isa = PBXBuildFile; fileRef = 4EF6ADBC22BAD0BC006D9648 /* BaseFlowCoordinator.swift */; };
		8F0EFDF3F0016C8DC8ABE89D /* libPods-courseworkZooTests.a in Frameworks */ = {isa = PBXBuildFile; fileRef = 9E00E160D0C206D7C5A9302E /* libPods-courseworkZooTests.a */; };
		9990289E6DAC8B557F5B345E /* libPods-courseworkZooUITests.a in Frameworks */ = {isa = PBXBuildFile; fileRef = B904B758B97CAF84E3167B5F /* libPods-courseworkZooUITests.a */; };
/* End PBXBuildFile section */

/* Begin PBXContainerItemProxy section */
		4E029B7422BEF5F900CAE074 /* PBXContainerItemProxy */ = {
			isa = PBXContainerItemProxy;
			containerPortal = 4E2D80C42274E11900B5E194 /* Project object */;
			proxyType = 1;
			remoteGlobalIDString = 4E029B7022BEF5EC00CAE074;
			remoteInfo = Localization;
		};
		4E0A669422BBF78800545C00 /* PBXContainerItemProxy */ = {
			isa = PBXContainerItemProxy;
			containerPortal = 4E2D80C42274E11900B5E194 /* Project object */;
			proxyType = 1;
			remoteGlobalIDString = 4E2D80CB2274E11900B5E194;
			remoteInfo = courseworkZoo;
		};
		4E0A66B022BBF98B00545C00 /* PBXContainerItemProxy */ = {
			isa = PBXContainerItemProxy;
			containerPortal = 4E2D80C42274E11900B5E194 /* Project object */;
			proxyType = 1;
			remoteGlobalIDString = 4E2D80CB2274E11900B5E194;
			remoteInfo = courseworkZoo;
		};
/* End PBXContainerItemProxy section */

/* Begin PBXCopyFilesBuildPhase section */
		4E0B485C22C0C1F8000BCD19 /* Embed App Extensions */ = {
			isa = PBXCopyFilesBuildPhase;
			buildActionMask = 2147483647;
			dstPath = "";
			dstSubfolderSpec = 13;
			files = (
			);
			name = "Embed App Extensions";
			runOnlyForDeploymentPostprocessing = 0;
		};
/* End PBXCopyFilesBuildPhase section */

/* Begin PBXFileReference section */
		0065C0B0CF7EE03AF505E78F /* Pods-courseworkZooTests.debug.xcconfig */ = {isa = PBXFileReference; includeInIndex = 1; lastKnownFileType = text.xcconfig; name = "Pods-courseworkZooTests.debug.xcconfig"; path = "Target Support Files/Pods-courseworkZooTests/Pods-courseworkZooTests.debug.xcconfig"; sourceTree = "<group>"; };
		15055743658EC55C1708E79F /* Pods-courseworkZooUITests.release.xcconfig */ = {isa = PBXFileReference; includeInIndex = 1; lastKnownFileType = text.xcconfig; name = "Pods-courseworkZooUITests.release.xcconfig"; path = "Target Support Files/Pods-courseworkZooUITests/Pods-courseworkZooUITests.release.xcconfig"; sourceTree = "<group>"; };
		21DAF67788D63D012A2C0282 /* Pods-courseworkZooUITests.debug.xcconfig */ = {isa = PBXFileReference; includeInIndex = 1; lastKnownFileType = text.xcconfig; name = "Pods-courseworkZooUITests.debug.xcconfig"; path = "Target Support Files/Pods-courseworkZooUITests/Pods-courseworkZooUITests.debug.xcconfig"; sourceTree = "<group>"; };
		2F038A22DAA03BC1D0A75CD2 /* Pods-courseworkZoo.debug.xcconfig */ = {isa = PBXFileReference; includeInIndex = 1; lastKnownFileType = text.xcconfig; name = "Pods-courseworkZoo.debug.xcconfig"; path = "Target Support Files/Pods-courseworkZoo/Pods-courseworkZoo.debug.xcconfig"; sourceTree = "<group>"; };
		4C800E6386323D85CE879763 /* Pods-courseworkZooTests.release.xcconfig */ = {isa = PBXFileReference; includeInIndex = 1; lastKnownFileType = text.xcconfig; name = "Pods-courseworkZooTests.release.xcconfig"; path = "Target Support Files/Pods-courseworkZooTests/Pods-courseworkZooTests.release.xcconfig"; sourceTree = "<group>"; };
		4E01D56822B930BE00CE4552 /* LoadError.swift */ = {isa = PBXFileReference; lastKnownFileType = sourcecode.swift; name = LoadError.swift; path = courseworkZoo/Service/Error/LoadError.swift; sourceTree = SOURCE_ROOT; };
		4E01E18422D461F80016B533 /* TitleHeader.swift */ = {isa = PBXFileReference; lastKnownFileType = sourcecode.swift; path = TitleHeader.swift; sourceTree = "<group>"; };
		4E01E18822D4A97E0016B533 /* VoiceSettingsRepository.swift */ = {isa = PBXFileReference; lastKnownFileType = sourcecode.swift; path = VoiceSettingsRepository.swift; sourceTree = "<group>"; };
		4E01E18A22D4ACDD0016B533 /* HasVoiceSettingsRepository.swift */ = {isa = PBXFileReference; lastKnownFileType = sourcecode.swift; path = HasVoiceSettingsRepository.swift; sourceTree = "<group>"; };
		4E0386B222BFF84000250011 /* MainViewModel.swift */ = {isa = PBXFileReference; lastKnownFileType = sourcecode.swift; name = MainViewModel.swift; path = courseworkZoo/ViewModel/Guide/MainViewModel.swift; sourceTree = SOURCE_ROOT; };
		4E0386B622C0098700250011 /* TestAnimalDetailViewController.swift */ = {isa = PBXFileReference; lastKnownFileType = sourcecode.swift; path = TestAnimalDetailViewController.swift; sourceTree = "<group>"; };
		4E0386B822C009CC00250011 /* TestEnums.swift */ = {isa = PBXFileReference; lastKnownFileType = sourcecode.swift; path = TestEnums.swift; sourceTree = "<group>"; };
		4E0386BA22C009FF00250011 /* TestAnimalListViewController.swift */ = {isa = PBXFileReference; lastKnownFileType = sourcecode.swift; path = TestAnimalListViewController.swift; sourceTree = "<group>"; };
		4E0386BC22C00A1F00250011 /* TestSettingsInformation.swift */ = {isa = PBXFileReference; lastKnownFileType = sourcecode.swift; path = TestSettingsInformation.swift; sourceTree = "<group>"; };
		4E0434F922DB1CD600C5D912 /* SelectInformationViewModel.swift */ = {isa = PBXFileReference; lastKnownFileType = sourcecode.swift; name = SelectInformationViewModel.swift; path = courseworkZoo/ViewModel/Guide/SelectInformationViewModel.swift; sourceTree = SOURCE_ROOT; };
		4E0434FB22DB5CB300C5D912 /* SelectInformationViewController.swift */ = {isa = PBXFileReference; lastKnownFileType = sourcecode.swift; path = SelectInformationViewController.swift; sourceTree = "<group>"; };
		4E04B7EE22BA23AA00349FA0 /* AnimalDetailViewController.swift */ = {isa = PBXFileReference; lastKnownFileType = sourcecode.swift; path = AnimalDetailViewController.swift; sourceTree = "<group>"; };
		4E04B7F122BA643C00349FA0 /* info_preprocess_header.h */ = {isa = PBXFileReference; lastKnownFileType = sourcecode.c.h; path = info_preprocess_header.h; sourceTree = "<group>"; };
		4E05C92822ECA4BB00A8CA01 /* RouteWithAnimalsService.swift */ = {isa = PBXFileReference; lastKnownFileType = sourcecode.swift; path = RouteWithAnimalsService.swift; sourceTree = "<group>"; };
		4E05C92E22ECEA5E00A8CA01 /* HasRouteWithAnimalsService.swift */ = {isa = PBXFileReference; lastKnownFileType = sourcecode.swift; path = HasRouteWithAnimalsService.swift; sourceTree = "<group>"; };
		4E069C4322F5BB56009722EA /* strings.swift */ = {isa = PBXFileReference; fileEncoding = 4; lastKnownFileType = sourcecode.swift; path = strings.swift; sourceTree = "<group>"; };
		4E08028322DC96620085B226 /* ProcessAnimalInformationService.swift */ = {isa = PBXFileReference; lastKnownFileType = sourcecode.swift; path = ProcessAnimalInformationService.swift; sourceTree = "<group>"; };
		4E08028522DCC2690085B226 /* HasProcessAnimalInformationService.swift */ = {isa = PBXFileReference; lastKnownFileType = sourcecode.swift; path = HasProcessAnimalInformationService.swift; sourceTree = "<group>"; };
		4E082E3322F03045002F0475 /* ContinentsViewModel.swift */ = {isa = PBXFileReference; lastKnownFileType = sourcecode.swift; path = ContinentsViewModel.swift; sourceTree = "<group>"; };
		4E082E3522F0318F002F0475 /* ContinentsViewController.swift */ = {isa = PBXFileReference; lastKnownFileType = sourcecode.swift; path = ContinentsViewController.swift; sourceTree = "<group>"; };
		4E082E3722F05E97002F0475 /* AnimalsInContinentViewModel.swift */ = {isa = PBXFileReference; lastKnownFileType = sourcecode.swift; path = AnimalsInContinentViewModel.swift; sourceTree = "<group>"; };
		4E082E3922F0959B002F0475 /* AnimalsInContinentViewController.swift */ = {isa = PBXFileReference; lastKnownFileType = sourcecode.swift; path = AnimalsInContinentViewController.swift; sourceTree = "<group>"; };
		4E09264922B79876001BEAED /* Actuality.swift */ = {isa = PBXFileReference; lastKnownFileType = sourcecode.swift; path = Actuality.swift; sourceTree = "<group>"; };
		4E09264B22B79968001BEAED /* SpeechService.swift */ = {isa = PBXFileReference; lastKnownFileType = sourcecode.swift; name = SpeechService.swift; path = courseworkZoo/Service/Service/SpeechService.swift; sourceTree = SOURCE_ROOT; };
		4E0A668F22BBF78800545C00 /* courseworkZooUITests.xctest */ = {isa = PBXFileReference; explicitFileType = wrapper.cfbundle; includeInIndex = 0; path = courseworkZooUITests.xctest; sourceTree = BUILT_PRODUCTS_DIR; };
		4E0A669122BBF78800545C00 /* courseworkZooUITests.swift */ = {isa = PBXFileReference; lastKnownFileType = sourcecode.swift; path = courseworkZooUITests.swift; sourceTree = "<group>"; };
		4E0A669322BBF78800545C00 /* Info.plist */ = {isa = PBXFileReference; lastKnownFileType = text.plist.xml; path = Info.plist; sourceTree = "<group>"; };
		4E0A66AB22BBF98B00545C00 /* courseworkZooTests.xctest */ = {isa = PBXFileReference; explicitFileType = wrapper.cfbundle; includeInIndex = 0; path = courseworkZooTests.xctest; sourceTree = BUILT_PRODUCTS_DIR; };
		4E0A66AD22BBF98B00545C00 /* courseworkZooTests.swift */ = {isa = PBXFileReference; lastKnownFileType = sourcecode.swift; path = courseworkZooTests.swift; sourceTree = "<group>"; };
		4E0A66AF22BBF98B00545C00 /* Info.plist */ = {isa = PBXFileReference; lastKnownFileType = text.plist.xml; path = Info.plist; sourceTree = "<group>"; };
		4E0A66B522BC0FC900545C00 /* TestDependency.swift */ = {isa = PBXFileReference; lastKnownFileType = sourcecode.swift; path = TestDependency.swift; sourceTree = "<group>"; };
		4E0AA4B62288630E00398D53 /* APIService.swift */ = {isa = PBXFileReference; lastKnownFileType = sourcecode.swift; name = APIService.swift; path = courseworkZoo/Service/Service/APIService.swift; sourceTree = SOURCE_ROOT; };
		4E0B485322C0C1F8000BCD19 /* KeyboardViewController.swift */ = {isa = PBXFileReference; lastKnownFileType = sourcecode.swift; path = KeyboardViewController.swift; sourceTree = "<group>"; };
		4E0B485522C0C1F8000BCD19 /* Info.plist */ = {isa = PBXFileReference; lastKnownFileType = text.plist.xml; path = Info.plist; sourceTree = "<group>"; };
		4E0BACD022F3382D00D908A9 /* AnimalsEatingKindOfFoodViewController.swift */ = {isa = PBXFileReference; lastKnownFileType = sourcecode.swift; path = AnimalsEatingKindOfFoodViewController.swift; sourceTree = "<group>"; };
		4E0CBFF622D35300008E076A /* VerticalMenu.swift */ = {isa = PBXFileReference; lastKnownFileType = sourcecode.swift; path = VerticalMenu.swift; sourceTree = "<group>"; };
		4E0CBFF822D3531C008E076A /* VerticalMenuItem.swift */ = {isa = PBXFileReference; lastKnownFileType = sourcecode.swift; path = VerticalMenuItem.swift; sourceTree = "<group>"; };
		4E0CBFFA22D36A5F008E076A /* MainLexiconViewController.swift */ = {isa = PBXFileReference; lastKnownFileType = sourcecode.swift; path = MainLexiconViewController.swift; sourceTree = "<group>"; };
		4E0CBFFC22D36B01008E076A /* MainLexiconViewModel.swift */ = {isa = PBXFileReference; lastKnownFileType = sourcecode.swift; name = MainLexiconViewModel.swift; path = courseworkZoo/ViewModel/Lexicon/MainLexiconViewModel.swift; sourceTree = SOURCE_ROOT; };
		4E0E553C22F1ABF70014E118 /* KindsOfFoodViewModel.swift */ = {isa = PBXFileReference; lastKnownFileType = sourcecode.swift; path = KindsOfFoodViewModel.swift; sourceTree = "<group>"; };
		4E0E553E22F1ACB90014E118 /* KindsOfFoodViewController.swift */ = {isa = PBXFileReference; lastKnownFileType = sourcecode.swift; path = KindsOfFoodViewController.swift; sourceTree = "<group>"; };
		4E0E554022F1C8740014E118 /* AnimalsEatingKindOfFoodViewModel.swift */ = {isa = PBXFileReference; lastKnownFileType = sourcecode.swift; path = AnimalsEatingKindOfFoodViewModel.swift; sourceTree = "<group>"; };
		4E0E9DC322D5CEC900528AC0 /* SelectAnimalsToPathViewController.swift */ = {isa = PBXFileReference; lastKnownFileType = sourcecode.swift; path = SelectAnimalsToPathViewController.swift; sourceTree = "<group>"; };
		4E0E9DC722D5D08F00528AC0 /* PathRepository.swift */ = {isa = PBXFileReference; lastKnownFileType = sourcecode.swift; path = PathRepository.swift; sourceTree = "<group>"; };
		4E0E9DC922D5DC1100528AC0 /* Path.swift */ = {isa = PBXFileReference; lastKnownFileType = sourcecode.swift; path = Path.swift; sourceTree = "<group>"; };
		4E0E9DCB22D5E3D000528AC0 /* HasPathRepository.swift */ = {isa = PBXFileReference; lastKnownFileType = sourcecode.swift; path = HasPathRepository.swift; sourceTree = "<group>"; };
		4E0E9DCD22D5E50100528AC0 /* SelectAnimalsToPathViewModel.swift */ = {isa = PBXFileReference; lastKnownFileType = sourcecode.swift; name = SelectAnimalsToPathViewModel.swift; path = courseworkZoo/ViewModel/Guide/SelectAnimalsToPathViewModel.swift; sourceTree = SOURCE_ROOT; };
		4E0E9DCF22D5F5BA00528AC0 /* GoToLexiconDelegate.swift */ = {isa = PBXFileReference; lastKnownFileType = sourcecode.swift; path = GoToLexiconDelegate.swift; sourceTree = "<group>"; };
		4E0E9DD122D5FBC500528AC0 /* AnimalWithActionCell.swift */ = {isa = PBXFileReference; lastKnownFileType = sourcecode.swift; path = AnimalWithActionCell.swift; sourceTree = "<group>"; };
		4E0E9DD522D62C5500528AC0 /* ChooseSavedPathViewModel.swift */ = {isa = PBXFileReference; lastKnownFileType = sourcecode.swift; name = ChooseSavedPathViewModel.swift; path = courseworkZoo/ViewModel/Guide/ChooseSavedPathViewModel.swift; sourceTree = SOURCE_ROOT; };
		4E0E9DD722D62CA200528AC0 /* ChooseSavedPathViewController.swift */ = {isa = PBXFileReference; lastKnownFileType = sourcecode.swift; path = ChooseSavedPathViewController.swift; sourceTree = "<group>"; };
		4E0E9DD922D6414300528AC0 /* ParametersOfVisitRepository.swift */ = {isa = PBXFileReference; lastKnownFileType = sourcecode.swift; path = ParametersOfVisitRepository.swift; sourceTree = "<group>"; };
		4E0EB69C22B37EB100831DDB /* Constants.swift */ = {isa = PBXFileReference; lastKnownFileType = sourcecode.swift; path = Constants.swift; sourceTree = SOURCE_ROOT; };
		4E0EB69E22B3870600831DDB /* String.swift */ = {isa = PBXFileReference; lastKnownFileType = sourcecode.swift; name = String.swift; path = "courseworkZoo/Service/String extensions/String.swift"; sourceTree = SOURCE_ROOT; };
		4E0EBAF822B4E997003D9CD1 /* BaseViewModel.swift */ = {isa = PBXFileReference; lastKnownFileType = sourcecode.swift; name = BaseViewModel.swift; path = courseworkZoo/Model/BaseViewModel.swift; sourceTree = SOURCE_ROOT; };
		4E106B9E22C3605600D236A9 /* MainViewController.swift */ = {isa = PBXFileReference; lastKnownFileType = sourcecode.swift; path = MainViewController.swift; sourceTree = "<group>"; };
		4E106BA222C3806800D236A9 /* GoBackDelegate.swift */ = {isa = PBXFileReference; lastKnownFileType = sourcecode.swift; path = GoBackDelegate.swift; sourceTree = "<group>"; };
		4E106BA622C380A100D236A9 /* GoToAnimalDetailDelegate.swift */ = {isa = PBXFileReference; lastKnownFileType = sourcecode.swift; path = GoToAnimalDetailDelegate.swift; sourceTree = "<group>"; };
		4E106BA822C3812500D236A9 /* MainDelegate.swift */ = {isa = PBXFileReference; lastKnownFileType = sourcecode.swift; path = MainDelegate.swift; sourceTree = "<group>"; };
		4E106BAA22C39DDB00D236A9 /* BaseViewController.swift */ = {isa = PBXFileReference; lastKnownFileType = sourcecode.swift; path = BaseViewController.swift; sourceTree = "<group>"; };
		4E10C4D722D080D30028EBBC /* Colors.swift */ = {isa = PBXFileReference; lastKnownFileType = sourcecode.swift; path = Colors.swift; sourceTree = "<group>"; };
		4E10C6FB2279921900CB6821 /* en */ = {isa = PBXFileReference; lastKnownFileType = text.plist.strings; name = en; path = en.lproj/Localizable.strings; sourceTree = "<group>"; };
		4E10C6FD2279923E00CB6821 /* cs */ = {isa = PBXFileReference; lastKnownFileType = text.plist.strings; name = cs; path = cs.lproj/Localizable.strings; sourceTree = "<group>"; };
		4E128A7922F9923F00B9B802 /* PieceOfPath.swift */ = {isa = PBXFileReference; lastKnownFileType = sourcecode.swift; path = PieceOfPath.swift; sourceTree = "<group>"; };
		4E1311D922E3B0F600F6CD1A /* AnimalsInBiotopeViewModel.swift */ = {isa = PBXFileReference; lastKnownFileType = sourcecode.swift; name = AnimalsInBiotopeViewModel.swift; path = courseworkZoo/ViewModel/Lexicon/AnimalsInBiotopeViewModel.swift; sourceTree = SOURCE_ROOT; };
		4E161B6822DEFF970078C372 /* AnimalAnnotation.swift */ = {isa = PBXFileReference; lastKnownFileType = sourcecode.swift; path = AnimalAnnotation.swift; sourceTree = "<group>"; };
		4E163E7722D724200090176F /* SavePathPopoverViewController.swift */ = {isa = PBXFileReference; lastKnownFileType = sourcecode.swift; path = SavePathPopoverViewController.swift; sourceTree = "<group>"; };
		4E163E7922D73FBF0090176F /* SavePathViewModel.swift */ = {isa = PBXFileReference; lastKnownFileType = sourcecode.swift; name = SavePathViewModel.swift; path = courseworkZoo/ViewModel/Guide/SavePathViewModel.swift; sourceTree = SOURCE_ROOT; };
		4E175CEF22BE78BF00690F79 /* AnimalDetailViewModel.swift */ = {isa = PBXFileReference; lastKnownFileType = sourcecode.swift; name = AnimalDetailViewModel.swift; path = courseworkZoo/ViewModel/Guide/AnimalDetailViewModel.swift; sourceTree = SOURCE_ROOT; };
		4E175CF122BE7A7000690F79 /* BiotopeBinding.swift */ = {isa = PBXFileReference; lastKnownFileType = sourcecode.swift; path = BiotopeBinding.swift; sourceTree = "<group>"; };
		4E175CF322BE7A8200690F79 /* FoodBinding.swift */ = {isa = PBXFileReference; lastKnownFileType = sourcecode.swift; path = FoodBinding.swift; sourceTree = "<group>"; };
		4E175CF522BE7D1400690F79 /* ContinentBinding.swift */ = {isa = PBXFileReference; lastKnownFileType = sourcecode.swift; path = ContinentBinding.swift; sourceTree = "<group>"; };
		4E175CF722BE800700690F79 /* Bindable.swift */ = {isa = PBXFileReference; lastKnownFileType = sourcecode.swift; path = Bindable.swift; sourceTree = "<group>"; };
		4E175CF922BE818C00690F79 /* BindingRepository.swift */ = {isa = PBXFileReference; lastKnownFileType = sourcecode.swift; name = BindingRepository.swift; path = courseworkZoo/Service/Repository/BindingRepository.swift; sourceTree = SOURCE_ROOT; };
		4E175CFB22BE99C000690F79 /* Food.swift */ = {isa = PBXFileReference; lastKnownFileType = sourcecode.swift; path = Food.swift; sourceTree = "<group>"; };
		4E175CFD22BE99D500690F79 /* Biotope.swift */ = {isa = PBXFileReference; lastKnownFileType = sourcecode.swift; path = Biotope.swift; sourceTree = "<group>"; };
		4E18BABE22E88061003B0FEA /* BaseLexiconViewModel.swift */ = {isa = PBXFileReference; lastKnownFileType = sourcecode.swift; path = BaseLexiconViewModel.swift; sourceTree = "<group>"; };
		4E18BAC022E88B52003B0FEA /* SearchResultsPopoverViewController.swift */ = {isa = PBXFileReference; lastKnownFileType = sourcecode.swift; path = SearchResultsPopoverViewController.swift; sourceTree = "<group>"; };
		4E19306622BD4AC800716BAD /* Repository.swift */ = {isa = PBXFileReference; lastKnownFileType = sourcecode.swift; name = Repository.swift; path = courseworkZoo/Service/Repository/Repository.swift; sourceTree = SOURCE_ROOT; };
		4E19737222D902AE00BB41D1 /* SettingParametersOfVisitViewModel.swift */ = {isa = PBXFileReference; lastKnownFileType = sourcecode.swift; name = SettingParametersOfVisitViewModel.swift; path = courseworkZoo/ViewModel/Guide/SettingParametersOfVisitViewModel.swift; sourceTree = SOURCE_ROOT; };
		4E19737422D9035200BB41D1 /* HasParametersOfVisitRepository.swift */ = {isa = PBXFileReference; lastKnownFileType = sourcecode.swift; path = HasParametersOfVisitRepository.swift; sourceTree = "<group>"; };
		4E19737622D906A000BB41D1 /* SettingParametersOfVisitViewController.swift */ = {isa = PBXFileReference; lastKnownFileType = sourcecode.swift; path = SettingParametersOfVisitViewController.swift; sourceTree = "<group>"; };
		4E1AA7B622E0A40B00B9CE77 /* ClassViewModel.swift */ = {isa = PBXFileReference; lastKnownFileType = sourcecode.swift; name = ClassViewModel.swift; path = courseworkZoo/ViewModel/Lexicon/ClassViewModel.swift; sourceTree = SOURCE_ROOT; };
		4E1AA7B822E0B42300B9CE77 /* Class.swift */ = {isa = PBXFileReference; lastKnownFileType = sourcecode.swift; path = Class.swift; sourceTree = "<group>"; };
		4E1AA7BA22E0B4D100B9CE77 /* ClassRepository.swift */ = {isa = PBXFileReference; lastKnownFileType = sourcecode.swift; path = ClassRepository.swift; sourceTree = "<group>"; };
		4E1AA7BC22E0B8A600B9CE77 /* HasClassRepository.swift */ = {isa = PBXFileReference; lastKnownFileType = sourcecode.swift; path = HasClassRepository.swift; sourceTree = "<group>"; };
		4E1AA7BE22E0BA9400B9CE77 /* ClassViewController.swift */ = {isa = PBXFileReference; lastKnownFileType = sourcecode.swift; path = ClassViewController.swift; sourceTree = "<group>"; };
		4E1AA7C022E0FE7F00B9CE77 /* OrdersInClassViewModel.swift */ = {isa = PBXFileReference; lastKnownFileType = sourcecode.swift; name = OrdersInClassViewModel.swift; path = courseworkZoo/ViewModel/Lexicon/OrdersInClassViewModel.swift; sourceTree = SOURCE_ROOT; };
		4E1AA7C222E1011B00B9CE77 /* OrdersInClassViewController.swift */ = {isa = PBXFileReference; lastKnownFileType = sourcecode.swift; path = OrdersInClassViewController.swift; sourceTree = "<group>"; };
		4E1AF93822E9B5600064BF74 /* Screen.swift */ = {isa = PBXFileReference; lastKnownFileType = sourcecode.swift; path = Screen.swift; sourceTree = "<group>"; };
		4E1F228822E2590C0026CCDF /* BiotopesViewModel.swift */ = {isa = PBXFileReference; lastKnownFileType = sourcecode.swift; name = BiotopesViewModel.swift; path = courseworkZoo/ViewModel/Lexicon/BiotopesViewModel.swift; sourceTree = SOURCE_ROOT; };
		4E1F228A22E25A760026CCDF /* BiotopesViewController.swift */ = {isa = PBXFileReference; lastKnownFileType = sourcecode.swift; path = BiotopesViewController.swift; sourceTree = "<group>"; };
		4E1F46A322E5D6E300B9B757 /* PavilionsViewModel.swift */ = {isa = PBXFileReference; lastKnownFileType = sourcecode.swift; name = PavilionsViewModel.swift; path = courseworkZoo/ViewModel/Lexicon/PavilionsViewModel.swift; sourceTree = SOURCE_ROOT; };
		4E1F46A522E5D82C00B9B757 /* PavilionsViewController.swift */ = {isa = PBXFileReference; lastKnownFileType = sourcecode.swift; path = PavilionsViewController.swift; sourceTree = "<group>"; };
		4E1F46A722E5E61400B9B757 /* AnimalsInPavilionViewModel.swift */ = {isa = PBXFileReference; lastKnownFileType = sourcecode.swift; name = AnimalsInPavilionViewModel.swift; path = courseworkZoo/ViewModel/Lexicon/AnimalsInPavilionViewModel.swift; sourceTree = SOURCE_ROOT; };
		4E1F46A922E5E78700B9B757 /* AnimalsInPavilionViewController.swift */ = {isa = PBXFileReference; lastKnownFileType = sourcecode.swift; path = AnimalsInPavilionViewController.swift; sourceTree = "<group>"; };
		4E1F781C22E452A600436437 /* AnimalsInBiotopeViewController.swift */ = {isa = PBXFileReference; lastKnownFileType = sourcecode.swift; path = AnimalsInBiotopeViewController.swift; sourceTree = "<group>"; };
		4E1F782022E48DAF00436437 /* BaseLexiconViewController.swift */ = {isa = PBXFileReference; lastKnownFileType = sourcecode.swift; path = BaseLexiconViewController.swift; sourceTree = "<group>"; };
		4E2609D2227DADD300D41EDA /* AnimalRepository.swift */ = {isa = PBXFileReference; lastKnownFileType = sourcecode.swift; name = AnimalRepository.swift; path = courseworkZoo/Service/Repository/AnimalRepository.swift; sourceTree = SOURCE_ROOT; };
		4E2609D4227DADEB00D41EDA /* LocalityRepository.swift */ = {isa = PBXFileReference; lastKnownFileType = sourcecode.swift; name = LocalityRepository.swift; path = courseworkZoo/Service/Repository/LocalityRepository.swift; sourceTree = SOURCE_ROOT; };
		4E261EEC22D21C6400E30C4A /* speakingCharacter.gif */ = {isa = PBXFileReference; lastKnownFileType = image.gif; path = speakingCharacter.gif; sourceTree = "<group>"; };
		4E2D80CC2274E11900B5E194 /* courseworkZoo.app */ = {isa = PBXFileReference; explicitFileType = wrapper.application; includeInIndex = 0; path = courseworkZoo.app; sourceTree = BUILT_PRODUCTS_DIR; };
		4E2D80CF2274E11900B5E194 /* AppDelegate.swift */ = {isa = PBXFileReference; lastKnownFileType = sourcecode.swift; path = AppDelegate.swift; sourceTree = "<group>"; };
		4E2D80D42274E11A00B5E194 /* Base */ = {isa = PBXFileReference; lastKnownFileType = file.storyboard; name = Base; path = Base.lproj/Main.storyboard; sourceTree = "<group>"; };
		4E2D80D62274E13A00B5E194 /* Assets.xcassets */ = {isa = PBXFileReference; lastKnownFileType = folder.assetcatalog; path = Assets.xcassets; sourceTree = "<group>"; };
		4E2D80D92274E13A00B5E194 /* Base */ = {isa = PBXFileReference; lastKnownFileType = file.storyboard; name = Base; path = Base.lproj/LaunchScreen.storyboard; sourceTree = "<group>"; };
		4E2D80DB2274E13A00B5E194 /* Info.plist */ = {isa = PBXFileReference; lastKnownFileType = text.plist.xml; path = Info.plist; sourceTree = "<group>"; };
		4E32BFD022FDAB0F00D503FF /* Line.swift */ = {isa = PBXFileReference; lastKnownFileType = sourcecode.swift; path = Line.swift; sourceTree = "<group>"; };
		4E32BFD222FDAF4200D503FF /* CountService.swift */ = {isa = PBXFileReference; lastKnownFileType = sourcecode.swift; path = CountService.swift; sourceTree = "<group>"; };
		4E33E91122BFB25B001EB907 /* monkeys.gif */ = {isa = PBXFileReference; lastKnownFileType = image.gif; path = monkeys.gif; sourceTree = "<group>"; };
		4E3F483622E21A1A00585CCB /* AnimalsInOrderViewModel.swift */ = {isa = PBXFileReference; lastKnownFileType = sourcecode.swift; name = AnimalsInOrderViewModel.swift; path = courseworkZoo/ViewModel/Lexicon/AnimalsInOrderViewModel.swift; sourceTree = SOURCE_ROOT; };
		4E3F483822E21C4E00585CCB /* AnimalsInOrderViewController.swift */ = {isa = PBXFileReference; lastKnownFileType = sourcecode.swift; path = AnimalsInOrderViewController.swift; sourceTree = "<group>"; };
		4E70200322FC144B0028C595 /* LegendViewItem.swift */ = {isa = PBXFileReference; lastKnownFileType = sourcecode.swift; path = LegendViewItem.swift; sourceTree = "<group>"; };
		4E70200522FC159A0028C595 /* LegendView.swift */ = {isa = PBXFileReference; lastKnownFileType = sourcecode.swift; path = LegendView.swift; sourceTree = "<group>"; };
		4E734AA122C7740D000A74B1 /* AlmostEquatable.swift */ = {isa = PBXFileReference; lastKnownFileType = sourcecode.swift; path = AlmostEquatable.swift; sourceTree = "<group>"; };
		4E734AA422C774DC000A74B1 /* SaidInfo.swift */ = {isa = PBXFileReference; lastKnownFileType = sourcecode.swift; path = SaidInfo.swift; sourceTree = "<group>"; };
		4E734AA922C7797D000A74B1 /* LoadedEntity.swift */ = {isa = PBXFileReference; lastKnownFileType = sourcecode.swift; path = LoadedEntity.swift; sourceTree = "<group>"; };
		4E806575227CCAF6006A312A /* Animal.swift */ = {isa = PBXFileReference; lastKnownFileType = sourcecode.swift; path = Animal.swift; sourceTree = SOURCE_ROOT; };
		4E86DAD2227D7F2A00F78027 /* Continent.swift */ = {isa = PBXFileReference; lastKnownFileType = sourcecode.swift; path = Continent.swift; sourceTree = SOURCE_ROOT; };
		4E86DAD4227D99E800F78027 /* LocalityType.swift */ = {isa = PBXFileReference; lastKnownFileType = sourcecode.swift; path = LocalityType.swift; sourceTree = SOURCE_ROOT; };
		4E86DAD6227D99FD00F78027 /* Locality.swift */ = {isa = PBXFileReference; lastKnownFileType = sourcecode.swift; path = Locality.swift; sourceTree = SOURCE_ROOT; };
		4EA6015822EB7E6600B29185 /* LexiconDelegate.swift */ = {isa = PBXFileReference; lastKnownFileType = sourcecode.swift; path = LexiconDelegate.swift; sourceTree = "<group>"; };
		4EAE636D22C4EC2400624328 /* HasAnimalRepository.swift */ = {isa = PBXFileReference; lastKnownFileType = sourcecode.swift; path = HasAnimalRepository.swift; sourceTree = "<group>"; };
		4EAE636F22C4EC3700624328 /* HasLocalityRepository.swift */ = {isa = PBXFileReference; lastKnownFileType = sourcecode.swift; path = HasLocalityRepository.swift; sourceTree = "<group>"; };
		4EAE637122C4EC5000624328 /* HasSpeechService.swift */ = {isa = PBXFileReference; lastKnownFileType = sourcecode.swift; path = HasSpeechService.swift; sourceTree = "<group>"; };
		4EAE637522C4EC8400624328 /* HasBiotopeBindingsRepository.swift */ = {isa = PBXFileReference; lastKnownFileType = sourcecode.swift; path = HasBiotopeBindingsRepository.swift; sourceTree = "<group>"; };
		4EAE637722C4EC9700624328 /* HasFoodBindingsRepository.swift */ = {isa = PBXFileReference; lastKnownFileType = sourcecode.swift; path = HasFoodBindingsRepository.swift; sourceTree = "<group>"; };
		4EAE637922C4ECAF00624328 /* HasContinentBindingsRepository.swift */ = {isa = PBXFileReference; lastKnownFileType = sourcecode.swift; path = HasContinentBindingsRepository.swift; sourceTree = "<group>"; };
		4EF6ADB822BA9F84006D9648 /* AppFlowCoordinator.swift */ = {isa = PBXFileReference; lastKnownFileType = sourcecode.swift; path = AppFlowCoordinator.swift; sourceTree = "<group>"; };
		4EF6ADBA22BAA097006D9648 /* AppDependency.swift */ = {isa = PBXFileReference; lastKnownFileType = sourcecode.swift; name = AppDependency.swift; path = courseworkZoo/Service/Dependency/AppDependency.swift; sourceTree = SOURCE_ROOT; };
		4EF6ADBC22BAD0BC006D9648 /* BaseFlowCoordinator.swift */ = {isa = PBXFileReference; lastKnownFileType = sourcecode.swift; path = BaseFlowCoordinator.swift; sourceTree = "<group>"; };
		711782C2015ED379B8884DBE /* Pods_courseworkZoo.framework */ = {isa = PBXFileReference; explicitFileType = wrapper.framework; includeInIndex = 0; path = Pods_courseworkZoo.framework; sourceTree = BUILT_PRODUCTS_DIR; };
		736DA627B3ED9290F288642A /* Pods-courseworkZoo.release.xcconfig */ = {isa = PBXFileReference; includeInIndex = 1; lastKnownFileType = text.xcconfig; name = "Pods-courseworkZoo.release.xcconfig"; path = "Target Support Files/Pods-courseworkZoo/Pods-courseworkZoo.release.xcconfig"; sourceTree = "<group>"; };
		9E00E160D0C206D7C5A9302E /* libPods-courseworkZooTests.a */ = {isa = PBXFileReference; explicitFileType = archive.ar; includeInIndex = 0; path = "libPods-courseworkZooTests.a"; sourceTree = BUILT_PRODUCTS_DIR; };
		B904B758B97CAF84E3167B5F /* libPods-courseworkZooUITests.a */ = {isa = PBXFileReference; explicitFileType = archive.ar; includeInIndex = 0; path = "libPods-courseworkZooUITests.a"; sourceTree = BUILT_PRODUCTS_DIR; };
/* End PBXFileReference section */

/* Begin PBXFrameworksBuildPhase section */
		4E0A668C22BBF78800545C00 /* Frameworks */ = {
			isa = PBXFrameworksBuildPhase;
			buildActionMask = 2147483647;
			files = (
				9990289E6DAC8B557F5B345E /* libPods-courseworkZooUITests.a in Frameworks */,
			);
			runOnlyForDeploymentPostprocessing = 0;
		};
		4E0A66A822BBF98B00545C00 /* Frameworks */ = {
			isa = PBXFrameworksBuildPhase;
			buildActionMask = 2147483647;
			files = (
				8F0EFDF3F0016C8DC8ABE89D /* libPods-courseworkZooTests.a in Frameworks */,
			);
			runOnlyForDeploymentPostprocessing = 0;
		};
		4E2D80C92274E11900B5E194 /* Frameworks */ = {
			isa = PBXFrameworksBuildPhase;
			buildActionMask = 2147483647;
			files = (
				36842284AC7704A71EF232A0 /* Pods_courseworkZoo.framework in Frameworks */,
			);
			runOnlyForDeploymentPostprocessing = 0;
		};
/* End PBXFrameworksBuildPhase section */

/* Begin PBXGroup section */
		4E04B7F522BA9E1700349FA0 /* FlowCoordinators */ = {
			isa = PBXGroup;
			children = (
				4E106BA122C366FE00D236A9 /* Delegate */,
				4EF6ADB822BA9F84006D9648 /* AppFlowCoordinator.swift */,
				4EF6ADBC22BAD0BC006D9648 /* BaseFlowCoordinator.swift */,
			);
			path = FlowCoordinators;
			sourceTree = "<group>";
		};
		4E05CEB322C20F6600BCBA99 /* Repository */ = {
			isa = PBXGroup;
			children = (
				4E19306622BD4AC800716BAD /* Repository.swift */,
				4E175CF922BE818C00690F79 /* BindingRepository.swift */,
				4E2609D4227DADEB00D41EDA /* LocalityRepository.swift */,
				4E2609D2227DADD300D41EDA /* AnimalRepository.swift */,
				4E01E18822D4A97E0016B533 /* VoiceSettingsRepository.swift */,
				4E0E9DC722D5D08F00528AC0 /* PathRepository.swift */,
				4E0E9DD922D6414300528AC0 /* ParametersOfVisitRepository.swift */,
				4E1AA7BA22E0B4D100B9CE77 /* ClassRepository.swift */,
			);
			path = Repository;
			sourceTree = "<group>";
		};
		4E05CEB422C20F9200BCBA99 /* Service */ = {
			isa = PBXGroup;
			children = (
				4E09264B22B79968001BEAED /* SpeechService.swift */,
				4E0AA4B62288630E00398D53 /* APIService.swift */,
				4E08028322DC96620085B226 /* ProcessAnimalInformationService.swift */,
				4E05C92822ECA4BB00A8CA01 /* RouteWithAnimalsService.swift */,
				4E32BFD222FDAF4200D503FF /* CountService.swift */,
			);
			path = Service;
			sourceTree = "<group>";
		};
		4E05CEB522C2358C00BCBA99 /* ViewController */ = {
			isa = PBXGroup;
			children = (
				4E106BAA22C39DDB00D236A9 /* BaseViewController.swift */,
				4E1F782322E4957600436437 /* Lexicon */,
				4E1F782222E4956800436437 /* Guide */,
				4E0CBFF522D35283008E076A /* CustomUIComponents */,
			);
			path = ViewController;
			sourceTree = "<group>";
		};
		4E069C4222F5ABC0009722EA /* Generated */ = {
			isa = PBXGroup;
			children = (
				4E069C4322F5BB56009722EA /* strings.swift */,
			);
			path = Generated;
			sourceTree = "<group>";
		};
		4E0A669022BBF78800545C00 /* courseworkZooUITests */ = {
			isa = PBXGroup;
			children = (
				4E0A669122BBF78800545C00 /* courseworkZooUITests.swift */,
				4E0A669322BBF78800545C00 /* Info.plist */,
			);
			path = courseworkZooUITests;
			sourceTree = "<group>";
		};
		4E0A66AC22BBF98B00545C00 /* courseworkZooTests */ = {
			isa = PBXGroup;
			children = (
				4E0A66AD22BBF98B00545C00 /* courseworkZooTests.swift */,
				4E0A66AF22BBF98B00545C00 /* Info.plist */,
				4E0A66B522BC0FC900545C00 /* TestDependency.swift */,
				4E0386B622C0098700250011 /* TestAnimalDetailViewController.swift */,
				4E0386B822C009CC00250011 /* TestEnums.swift */,
				4E0386BA22C009FF00250011 /* TestAnimalListViewController.swift */,
				4E0386BC22C00A1F00250011 /* TestSettingsInformation.swift */,
			);
			path = courseworkZooTests;
			sourceTree = "<group>";
		};
		4E0B485222C0C1F8000BCD19 /* MyKeyboardForSearch */ = {
			isa = PBXGroup;
			children = (
				4E0B485322C0C1F8000BCD19 /* KeyboardViewController.swift */,
				4E0B485522C0C1F8000BCD19 /* Info.plist */,
			);
			path = MyKeyboardForSearch;
			sourceTree = "<group>";
		};
		4E0CBFF522D35283008E076A /* CustomUIComponents */ = {
			isa = PBXGroup;
			children = (
				4E0CBFF622D35300008E076A /* VerticalMenu.swift */,
				4E0CBFF822D3531C008E076A /* VerticalMenuItem.swift */,
				4E01E18422D461F80016B533 /* TitleHeader.swift */,
				4E0E9DD122D5FBC500528AC0 /* AnimalWithActionCell.swift */,
				4E161B6822DEFF970078C372 /* AnimalAnnotation.swift */,
				4E70200322FC144B0028C595 /* LegendViewItem.swift */,
				4E70200522FC159A0028C595 /* LegendView.swift */,
			);
			path = CustomUIComponents;
			sourceTree = "<group>";
		};
		4E106BA022C3641800D236A9 /* Dependency */ = {
			isa = PBXGroup;
			children = (
				4EAE636C22C4EBED00624328 /* HasRepository */,
				4EF6ADBA22BAA097006D9648 /* AppDependency.swift */,
			);
			path = Dependency;
			sourceTree = "<group>";
		};
		4E106BA122C366FE00D236A9 /* Delegate */ = {
			isa = PBXGroup;
			children = (
				4E106BA222C3806800D236A9 /* GoBackDelegate.swift */,
				4E106BA622C380A100D236A9 /* GoToAnimalDetailDelegate.swift */,
				4E106BA822C3812500D236A9 /* MainDelegate.swift */,
				4E0E9DCF22D5F5BA00528AC0 /* GoToLexiconDelegate.swift */,
				4EA6015822EB7E6600B29185 /* LexiconDelegate.swift */,
			);
			path = Delegate;
			sourceTree = "<group>";
		};
		4E10C6F322798A8F00CB6821 /* Model */ = {
			isa = PBXGroup;
			children = (
				4E734AA822C77547000A74B1 /* Binding */,
				4E734AA322C774C3000A74B1 /* SaidInformationSettings */,
				4E806575227CCAF6006A312A /* Animal.swift */,
				4E86DAD2227D7F2A00F78027 /* Continent.swift */,
				4E175CFD22BE99D500690F79 /* Biotope.swift */,
				4E175CFB22BE99C000690F79 /* Food.swift */,
				4E86DAD4227D99E800F78027 /* LocalityType.swift */,
				4E86DAD6227D99FD00F78027 /* Locality.swift */,
				4E09264922B79876001BEAED /* Actuality.swift */,
				4E734AA922C7797D000A74B1 /* LoadedEntity.swift */,
				4E0E9DC922D5DC1100528AC0 /* Path.swift */,
				4E1AA7B822E0B42300B9CE77 /* Class.swift */,
				4E1AF93822E9B5600064BF74 /* Screen.swift */,
				4E128A7922F9923F00B9B802 /* PieceOfPath.swift */,
				4E32BFD022FDAB0F00D503FF /* Line.swift */,
			);
			path = Model;
			sourceTree = "<group>";
		};
		4E10C6F422798AB300CB6821 /* Service */ = {
			isa = PBXGroup;
			children = (
				4E734AA022C75A86000A74B1 /* String extensions */,
				4E734A9F22C75A74000A74B1 /* Error */,
				4E106BA022C3641800D236A9 /* Dependency */,
				4E05CEB422C20F9200BCBA99 /* Service */,
				4E05CEB322C20F6600BCBA99 /* Repository */,
				4E0EB69C22B37EB100831DDB /* Constants.swift */,
				4E10C4D722D080D30028EBBC /* Colors.swift */,
			);
			path = Service;
			sourceTree = "<group>";
		};
		4E10C6F522798ABF00CB6821 /* ViewModel */ = {
			isa = PBXGroup;
			children = (
				4E0EBAF822B4E997003D9CD1 /* BaseViewModel.swift */,
				4EA5825222E79ACC004045E3 /* Guide */,
				4EA5825122E79AAF004045E3 /* Lexicon */,
			);
			path = ViewModel;
			sourceTree = "<group>";
		};
		4E1F782222E4956800436437 /* Guide */ = {
			isa = PBXGroup;
			children = (
				4E106B9E22C3605600D236A9 /* MainViewController.swift */,
				4E0434FB22DB5CB300C5D912 /* SelectInformationViewController.swift */,
				4E19737622D906A000BB41D1 /* SettingParametersOfVisitViewController.swift */,
				4E163E7722D724200090176F /* SavePathPopoverViewController.swift */,
				4E0E9DD722D62CA200528AC0 /* ChooseSavedPathViewController.swift */,
				4E0E9DC322D5CEC900528AC0 /* SelectAnimalsToPathViewController.swift */,
			);
			path = Guide;
			sourceTree = "<group>";
		};
		4E1F782322E4957600436437 /* Lexicon */ = {
			isa = PBXGroup;
			children = (
				4E1F782022E48DAF00436437 /* BaseLexiconViewController.swift */,
				4E0CBFFA22D36A5F008E076A /* MainLexiconViewController.swift */,
				4E1F228A22E25A760026CCDF /* BiotopesViewController.swift */,
				4E1F781C22E452A600436437 /* AnimalsInBiotopeViewController.swift */,
				4E3F483822E21C4E00585CCB /* AnimalsInOrderViewController.swift */,
				4E1AA7C222E1011B00B9CE77 /* OrdersInClassViewController.swift */,
				4E1AA7BE22E0BA9400B9CE77 /* ClassViewController.swift */,
				4E1F46A522E5D82C00B9B757 /* PavilionsViewController.swift */,
				4E1F46A922E5E78700B9B757 /* AnimalsInPavilionViewController.swift */,
				4E18BAC022E88B52003B0FEA /* SearchResultsPopoverViewController.swift */,
				4E082E3522F0318F002F0475 /* ContinentsViewController.swift */,
				4E082E3922F0959B002F0475 /* AnimalsInContinentViewController.swift */,
				4E0E553E22F1ACB90014E118 /* KindsOfFoodViewController.swift */,
				4E0BACD022F3382D00D908A9 /* AnimalsEatingKindOfFoodViewController.swift */,
				4E04B7EE22BA23AA00349FA0 /* AnimalDetailViewController.swift */,
			);
			path = Lexicon;
			sourceTree = "<group>";
		};
		4E2D80C32274E11800B5E194 = {
			isa = PBXGroup;
			children = (
				4E33E91022BFB173001EB907 /* imagesAndAnimations */,
				4E2D80CE2274E11900B5E194 /* courseworkZoo */,
				4E0A669022BBF78800545C00 /* courseworkZooUITests */,
				4E0A66AC22BBF98B00545C00 /* courseworkZooTests */,
				4E0B485222C0C1F8000BCD19 /* MyKeyboardForSearch */,
				4E2D80CD2274E11900B5E194 /* Products */,
				C014CA5AAB35D6DDA17D49CF /* Pods */,
				76214DEAFEAD80C2F7F18AD0 /* Frameworks */,
			);
			sourceTree = "<group>";
		};
		4E2D80CD2274E11900B5E194 /* Products */ = {
			isa = PBXGroup;
			children = (
				4E2D80CC2274E11900B5E194 /* courseworkZoo.app */,
				4E0A668F22BBF78800545C00 /* courseworkZooUITests.xctest */,
				4E0A66AB22BBF98B00545C00 /* courseworkZooTests.xctest */,
			);
			name = Products;
			sourceTree = "<group>";
		};
		4E2D80CE2274E11900B5E194 /* courseworkZoo */ = {
			isa = PBXGroup;
			children = (
				4E069C4222F5ABC0009722EA /* Generated */,
				4E05CEB522C2358C00BCBA99 /* ViewController */,
				4E04B7F522BA9E1700349FA0 /* FlowCoordinators */,
				4E10C6F522798ABF00CB6821 /* ViewModel */,
				4E10C6F422798AB300CB6821 /* Service */,
				4E10C6F322798A8F00CB6821 /* Model */,
				4E2D80CF2274E11900B5E194 /* AppDelegate.swift */,
				4E2D80D32274E11A00B5E194 /* Main.storyboard */,
				4E2D80D62274E13A00B5E194 /* Assets.xcassets */,
				4E2D80D82274E13A00B5E194 /* LaunchScreen.storyboard */,
				4E2D80DB2274E13A00B5E194 /* Info.plist */,
				4E10C6FC2279921900CB6821 /* Localizable.strings */,
				4E04B7F122BA643C00349FA0 /* info_preprocess_header.h */,
				4E734AA122C7740D000A74B1 /* AlmostEquatable.swift */,
			);
			path = courseworkZoo;
			sourceTree = "<group>";
		};
		4E33E91022BFB173001EB907 /* imagesAndAnimations */ = {
			isa = PBXGroup;
			children = (
				4E261EEC22D21C6400E30C4A /* speakingCharacter.gif */,
				4E33E91122BFB25B001EB907 /* monkeys.gif */,
			);
			path = imagesAndAnimations;
			sourceTree = "<group>";
		};
		4E734A9F22C75A74000A74B1 /* Error */ = {
			isa = PBXGroup;
			children = (
				4E01D56822B930BE00CE4552 /* LoadError.swift */,
			);
			path = Error;
			sourceTree = "<group>";
		};
		4E734AA022C75A86000A74B1 /* String extensions */ = {
			isa = PBXGroup;
			children = (
				4E0EB69E22B3870600831DDB /* String.swift */,
			);
			path = "String extensions";
			sourceTree = "<group>";
		};
		4E734AA322C774C3000A74B1 /* SaidInformationSettings */ = {
			isa = PBXGroup;
			children = (
				4E734AA422C774DC000A74B1 /* SaidInfo.swift */,
			);
			path = SaidInformationSettings;
			sourceTree = "<group>";
		};
		4E734AA822C77547000A74B1 /* Binding */ = {
			isa = PBXGroup;
			children = (
				4E175CF122BE7A7000690F79 /* BiotopeBinding.swift */,
				4E175CF522BE7D1400690F79 /* ContinentBinding.swift */,
				4E175CF322BE7A8200690F79 /* FoodBinding.swift */,
				4E175CF722BE800700690F79 /* Bindable.swift */,
			);
			path = Binding;
			sourceTree = "<group>";
		};
		4EA5825122E79AAF004045E3 /* Lexicon */ = {
			isa = PBXGroup;
			children = (
				4E18BABE22E88061003B0FEA /* BaseLexiconViewModel.swift */,
				4E0CBFFC22D36B01008E076A /* MainLexiconViewModel.swift */,
				4E175CEF22BE78BF00690F79 /* AnimalDetailViewModel.swift */,
				4E1AA7B622E0A40B00B9CE77 /* ClassViewModel.swift */,
				4E1AA7C022E0FE7F00B9CE77 /* OrdersInClassViewModel.swift */,
				4E3F483622E21A1A00585CCB /* AnimalsInOrderViewModel.swift */,
				4E1F228822E2590C0026CCDF /* BiotopesViewModel.swift */,
				4E1311D922E3B0F600F6CD1A /* AnimalsInBiotopeViewModel.swift */,
				4E1F46A322E5D6E300B9B757 /* PavilionsViewModel.swift */,
				4E1F46A722E5E61400B9B757 /* AnimalsInPavilionViewModel.swift */,
				4E082E3322F03045002F0475 /* ContinentsViewModel.swift */,
				4E082E3722F05E97002F0475 /* AnimalsInContinentViewModel.swift */,
				4E0E553C22F1ABF70014E118 /* KindsOfFoodViewModel.swift */,
				4E0E554022F1C8740014E118 /* AnimalsEatingKindOfFoodViewModel.swift */,
			);
			path = Lexicon;
			sourceTree = "<group>";
		};
		4EA5825222E79ACC004045E3 /* Guide */ = {
			isa = PBXGroup;
			children = (
				4E0386B222BFF84000250011 /* MainViewModel.swift */,
				4E0E9DCD22D5E50100528AC0 /* SelectAnimalsToPathViewModel.swift */,
				4E0E9DD522D62C5500528AC0 /* ChooseSavedPathViewModel.swift */,
				4E163E7922D73FBF0090176F /* SavePathViewModel.swift */,
				4E19737222D902AE00BB41D1 /* SettingParametersOfVisitViewModel.swift */,
				4E0434F922DB1CD600C5D912 /* SelectInformationViewModel.swift */,
			);
			path = Guide;
			sourceTree = "<group>";
		};
		4EAE636C22C4EBED00624328 /* HasRepository */ = {
			isa = PBXGroup;
			children = (
				4EAE636D22C4EC2400624328 /* HasAnimalRepository.swift */,
				4EAE636F22C4EC3700624328 /* HasLocalityRepository.swift */,
				4EAE637122C4EC5000624328 /* HasSpeechService.swift */,
				4EAE637522C4EC8400624328 /* HasBiotopeBindingsRepository.swift */,
				4EAE637722C4EC9700624328 /* HasFoodBindingsRepository.swift */,
				4EAE637922C4ECAF00624328 /* HasContinentBindingsRepository.swift */,
				4E01E18A22D4ACDD0016B533 /* HasVoiceSettingsRepository.swift */,
				4E0E9DCB22D5E3D000528AC0 /* HasPathRepository.swift */,
				4E19737422D9035200BB41D1 /* HasParametersOfVisitRepository.swift */,
				4E08028522DCC2690085B226 /* HasProcessAnimalInformationService.swift */,
				4E1AA7BC22E0B8A600B9CE77 /* HasClassRepository.swift */,
				4E05C92E22ECEA5E00A8CA01 /* HasRouteWithAnimalsService.swift */,
			);
			path = HasRepository;
			sourceTree = "<group>";
		};
		76214DEAFEAD80C2F7F18AD0 /* Frameworks */ = {
			isa = PBXGroup;
			children = (
				711782C2015ED379B8884DBE /* Pods_courseworkZoo.framework */,
				9E00E160D0C206D7C5A9302E /* libPods-courseworkZooTests.a */,
				B904B758B97CAF84E3167B5F /* libPods-courseworkZooUITests.a */,
			);
			name = Frameworks;
			sourceTree = "<group>";
		};
		C014CA5AAB35D6DDA17D49CF /* Pods */ = {
			isa = PBXGroup;
			children = (
				2F038A22DAA03BC1D0A75CD2 /* Pods-courseworkZoo.debug.xcconfig */,
				736DA627B3ED9290F288642A /* Pods-courseworkZoo.release.xcconfig */,
				0065C0B0CF7EE03AF505E78F /* Pods-courseworkZooTests.debug.xcconfig */,
				4C800E6386323D85CE879763 /* Pods-courseworkZooTests.release.xcconfig */,
				21DAF67788D63D012A2C0282 /* Pods-courseworkZooUITests.debug.xcconfig */,
				15055743658EC55C1708E79F /* Pods-courseworkZooUITests.release.xcconfig */,
			);
			path = Pods;
			sourceTree = "<group>";
		};
/* End PBXGroup section */

/* Begin PBXNativeTarget section */
		4E0A668E22BBF78800545C00 /* courseworkZooUITests */ = {
			isa = PBXNativeTarget;
			buildConfigurationList = 4E0A669622BBF78800545C00 /* Build configuration list for PBXNativeTarget "courseworkZooUITests" */;
			buildPhases = (
				3EA62B6F20F428651B8FE8CB /* [CP] Check Pods Manifest.lock */,
				4E0A668B22BBF78800545C00 /* Sources */,
				4E0A668C22BBF78800545C00 /* Frameworks */,
				4E0A668D22BBF78800545C00 /* Resources */,
			);
			buildRules = (
			);
			dependencies = (
				4E0A669522BBF78800545C00 /* PBXTargetDependency */,
			);
			name = courseworkZooUITests;
			productName = courseworkZooUITests;
			productReference = 4E0A668F22BBF78800545C00 /* courseworkZooUITests.xctest */;
			productType = "com.apple.product-type.bundle.ui-testing";
		};
		4E0A66AA22BBF98B00545C00 /* courseworkZooTests */ = {
			isa = PBXNativeTarget;
			buildConfigurationList = 4E0A66B222BBF98B00545C00 /* Build configuration list for PBXNativeTarget "courseworkZooTests" */;
			buildPhases = (
				B4FCFC71A33F075290A4E4DF /* [CP] Check Pods Manifest.lock */,
				4E0A66A722BBF98B00545C00 /* Sources */,
				4E0A66A822BBF98B00545C00 /* Frameworks */,
				4E0A66A922BBF98B00545C00 /* Resources */,
			);
			buildRules = (
			);
			dependencies = (
				4E0A66B122BBF98B00545C00 /* PBXTargetDependency */,
			);
			name = courseworkZooTests;
			productName = courseworkZooTests;
			productReference = 4E0A66AB22BBF98B00545C00 /* courseworkZooTests.xctest */;
			productType = "com.apple.product-type.bundle.unit-test";
		};
		4E2D80CB2274E11900B5E194 /* courseworkZoo */ = {
			isa = PBXNativeTarget;
			buildConfigurationList = 4E2D80DE2274E13A00B5E194 /* Build configuration list for PBXNativeTarget "courseworkZoo" */;
			buildPhases = (
				4A8E673611D16B34240FAD42 /* [CP] Check Pods Manifest.lock */,
				4E04B7F022BA50DA00349FA0 /* Generate version number */,
				4E2D80C82274E11900B5E194 /* Sources */,
				4E2D80C92274E11900B5E194 /* Frameworks */,
				4E2D80CA2274E11900B5E194 /* Resources */,
				7863148C818D57F84A802793 /* [CP] Embed Pods Frameworks */,
				4E0B485C22C0C1F8000BCD19 /* Embed App Extensions */,
			);
			buildRules = (
			);
			dependencies = (
				4E029B7522BEF5F900CAE074 /* PBXTargetDependency */,
			);
			name = courseworkZoo;
			productName = courseworkZoo;
			productReference = 4E2D80CC2274E11900B5E194 /* courseworkZoo.app */;
			productType = "com.apple.product-type.application";
		};
/* End PBXNativeTarget section */

/* Begin PBXProject section */
		4E2D80C42274E11900B5E194 /* Project object */ = {
			isa = PBXProject;
			attributes = {
				LastSwiftUpdateCheck = 1020;
				LastUpgradeCheck = 1010;
				ORGANIZATIONNAME = "Daniel Šup";
				TargetAttributes = {
					4E029B7022BEF5EC00CAE074 = {
						CreatedOnToolsVersion = 10.2.1;
					};
					4E0A668E22BBF78800545C00 = {
						CreatedOnToolsVersion = 10.2.1;
						TestTargetID = 4E2D80CB2274E11900B5E194;
					};
					4E0A66AA22BBF98B00545C00 = {
						CreatedOnToolsVersion = 10.2.1;
						TestTargetID = 4E2D80CB2274E11900B5E194;
					};
					4E2D80CB2274E11900B5E194 = {
						CreatedOnToolsVersion = 10.1;
					};
				};
			};
			buildConfigurationList = 4E2D80C72274E11900B5E194 /* Build configuration list for PBXProject "courseworkZoo" */;
			compatibilityVersion = "Xcode 9.3";
			developmentRegion = en;
			hasScannedForEncodings = 0;
			knownRegions = (
				en,
				Base,
				cs,
			);
			mainGroup = 4E2D80C32274E11800B5E194;
			productRefGroup = 4E2D80CD2274E11900B5E194 /* Products */;
			projectDirPath = "";
			projectRoot = "";
			targets = (
				4E2D80CB2274E11900B5E194 /* courseworkZoo */,
				4E0A668E22BBF78800545C00 /* courseworkZooUITests */,
				4E0A66AA22BBF98B00545C00 /* courseworkZooTests */,
				4E029B7022BEF5EC00CAE074 /* Localization */,
			);
		};
/* End PBXProject section */

/* Begin PBXResourcesBuildPhase section */
		4E0A668D22BBF78800545C00 /* Resources */ = {
			isa = PBXResourcesBuildPhase;
			buildActionMask = 2147483647;
			files = (
			);
			runOnlyForDeploymentPostprocessing = 0;
		};
		4E0A66A922BBF98B00545C00 /* Resources */ = {
			isa = PBXResourcesBuildPhase;
			buildActionMask = 2147483647;
			files = (
			);
			runOnlyForDeploymentPostprocessing = 0;
		};
		4E2D80CA2274E11900B5E194 /* Resources */ = {
			isa = PBXResourcesBuildPhase;
			buildActionMask = 2147483647;
			files = (
				4E33E91222BFB25B001EB907 /* monkeys.gif in Resources */,
				4E2D80DA2274E13A00B5E194 /* LaunchScreen.storyboard in Resources */,
				4E10C6FA2279921900CB6821 /* Localizable.strings in Resources */,
				4E2D80D72274E13A00B5E194 /* Assets.xcassets in Resources */,
				4E261EED22D21C6400E30C4A /* speakingCharacter.gif in Resources */,
				4E2D80D52274E11A00B5E194 /* Main.storyboard in Resources */,
			);
			runOnlyForDeploymentPostprocessing = 0;
		};
/* End PBXResourcesBuildPhase section */

/* Begin PBXShellScriptBuildPhase section */
		3EA62B6F20F428651B8FE8CB /* [CP] Check Pods Manifest.lock */ = {
			isa = PBXShellScriptBuildPhase;
			buildActionMask = 2147483647;
			files = (
			);
			inputFileListPaths = (
			);
			inputPaths = (
				"${PODS_PODFILE_DIR_PATH}/Podfile.lock",
				"${PODS_ROOT}/Manifest.lock",
			);
			name = "[CP] Check Pods Manifest.lock";
			outputFileListPaths = (
			);
			outputPaths = (
				"$(DERIVED_FILE_DIR)/Pods-courseworkZooUITests-checkManifestLockResult.txt",
			);
			runOnlyForDeploymentPostprocessing = 0;
			shellPath = /bin/sh;
			shellScript = "diff \"${PODS_PODFILE_DIR_PATH}/Podfile.lock\" \"${PODS_ROOT}/Manifest.lock\" > /dev/null\nif [ $? != 0 ] ; then\n    # print error to STDERR\n    echo \"error: The sandbox is not in sync with the Podfile.lock. Run 'pod install' or update your CocoaPods installation.\" >&2\n    exit 1\nfi\n# This output is used by Xcode 'outputs' to avoid re-running this script phase.\necho \"SUCCESS\" > \"${SCRIPT_OUTPUT_FILE_0}\"\n";
			showEnvVarsInLog = 0;
		};
		4A8E673611D16B34240FAD42 /* [CP] Check Pods Manifest.lock */ = {
			isa = PBXShellScriptBuildPhase;
			buildActionMask = 2147483647;
			files = (
			);
			inputFileListPaths = (
			);
			inputPaths = (
				"${PODS_PODFILE_DIR_PATH}/Podfile.lock",
				"${PODS_ROOT}/Manifest.lock",
			);
			name = "[CP] Check Pods Manifest.lock";
			outputFileListPaths = (
			);
			outputPaths = (
				"$(DERIVED_FILE_DIR)/Pods-courseworkZoo-checkManifestLockResult.txt",
			);
			runOnlyForDeploymentPostprocessing = 0;
			shellPath = /bin/sh;
			shellScript = "diff \"${PODS_PODFILE_DIR_PATH}/Podfile.lock\" \"${PODS_ROOT}/Manifest.lock\" > /dev/null\nif [ $? != 0 ] ; then\n    # print error to STDERR\n    echo \"error: The sandbox is not in sync with the Podfile.lock. Run 'pod install' or update your CocoaPods installation.\" >&2\n    exit 1\nfi\n# This output is used by Xcode 'outputs' to avoid re-running this script phase.\necho \"SUCCESS\" > \"${SCRIPT_OUTPUT_FILE_0}\"\n";
			showEnvVarsInLog = 0;
		};
		4E029B7622BEF60200CAE074 /* ACKLocalization */ = {
			isa = PBXShellScriptBuildPhase;
			buildActionMask = 2147483647;
			files = (
			);
			inputFileListPaths = (
			);
			inputPaths = (
			);
			name = ACKLocalization;
			outputFileListPaths = (
			);
			outputPaths = (
			);
			runOnlyForDeploymentPostprocessing = 0;
			shellPath = /bin/sh;
			shellScript = "\"$PROJECT_DIR/Pods/ACKLocalization/Localization\" \"1vRhBukoXFtdmitg6dzE1tM-Z2gBVBRpCmSLCCqNwfzImWLev-5IY85jJrfRTXy_TdsWoqPBkITC-R_w\" \"key_ios\" '{\"EN\":\"en\", \"CS\": \"cs\"}' \"$PROJECT_DIR/courseworkZoo\" \"Localizable.strings\"\n\"$PROJECT_DIR/Pods/Swiftgen/bin/swiftgen\"\n";
		};
		4E04B7F022BA50DA00349FA0 /* Generate version number */ = {
			isa = PBXShellScriptBuildPhase;
			buildActionMask = 2147483647;
			files = (
			);
			inputFileListPaths = (
			);
			inputPaths = (
			);
			name = "Generate version number";
			outputFileListPaths = (
			);
			outputPaths = (
			);
			runOnlyForDeploymentPostprocessing = 0;
			shellPath = /bin/sh;
			shellScript = "BUILD_NUMBER=$(cat \"courseworkZoo/info_preprocess_header.h\" | tail -n 1 | cut -d' ' -f3)\nBUILD_NUMBER=$((BUILD_NUMBER + 1))\necho \"#define BUILD_NUMBER $BUILD_NUMBER\" > \"courseworkZoo/info_preprocess_header.h\"\ntouch $INFOPLIST_FILE\n";
		};
		7863148C818D57F84A802793 /* [CP] Embed Pods Frameworks */ = {
			isa = PBXShellScriptBuildPhase;
			buildActionMask = 2147483647;
			files = (
			);
			inputFileListPaths = (
				"${PODS_ROOT}/Target Support Files/Pods-courseworkZoo/Pods-courseworkZoo-frameworks-${CONFIGURATION}-input-files.xcfilelist",
			);
			name = "[CP] Embed Pods Frameworks";
			outputFileListPaths = (
				"${PODS_ROOT}/Target Support Files/Pods-courseworkZoo/Pods-courseworkZoo-frameworks-${CONFIGURATION}-output-files.xcfilelist",
			);
			runOnlyForDeploymentPostprocessing = 0;
			shellPath = /bin/sh;
			shellScript = "\"${PODS_ROOT}/Target Support Files/Pods-courseworkZoo/Pods-courseworkZoo-frameworks.sh\"\n";
			showEnvVarsInLog = 0;
		};
		B4FCFC71A33F075290A4E4DF /* [CP] Check Pods Manifest.lock */ = {
			isa = PBXShellScriptBuildPhase;
			buildActionMask = 2147483647;
			files = (
			);
			inputFileListPaths = (
			);
			inputPaths = (
				"${PODS_PODFILE_DIR_PATH}/Podfile.lock",
				"${PODS_ROOT}/Manifest.lock",
			);
			name = "[CP] Check Pods Manifest.lock";
			outputFileListPaths = (
			);
			outputPaths = (
				"$(DERIVED_FILE_DIR)/Pods-courseworkZooTests-checkManifestLockResult.txt",
			);
			runOnlyForDeploymentPostprocessing = 0;
			shellPath = /bin/sh;
			shellScript = "diff \"${PODS_PODFILE_DIR_PATH}/Podfile.lock\" \"${PODS_ROOT}/Manifest.lock\" > /dev/null\nif [ $? != 0 ] ; then\n    # print error to STDERR\n    echo \"error: The sandbox is not in sync with the Podfile.lock. Run 'pod install' or update your CocoaPods installation.\" >&2\n    exit 1\nfi\n# This output is used by Xcode 'outputs' to avoid re-running this script phase.\necho \"SUCCESS\" > \"${SCRIPT_OUTPUT_FILE_0}\"\n";
			showEnvVarsInLog = 0;
		};
/* End PBXShellScriptBuildPhase section */

/* Begin PBXSourcesBuildPhase section */
		4E0A668B22BBF78800545C00 /* Sources */ = {
			isa = PBXSourcesBuildPhase;
			buildActionMask = 2147483647;
			files = (
				4E0A669222BBF78800545C00 /* courseworkZooUITests.swift in Sources */,
			);
			runOnlyForDeploymentPostprocessing = 0;
		};
		4E0A66A722BBF98B00545C00 /* Sources */ = {
			isa = PBXSourcesBuildPhase;
			buildActionMask = 2147483647;
			files = (
				4E0A66B622BC0FC900545C00 /* TestDependency.swift in Sources */,
				4E0386B722C0098700250011 /* TestAnimalDetailViewController.swift in Sources */,
				4E0386BB22C009FF00250011 /* TestAnimalListViewController.swift in Sources */,
				4E0386BD22C00A1F00250011 /* TestSettingsInformation.swift in Sources */,
				4E0386B922C009CC00250011 /* TestEnums.swift in Sources */,
				4E0A66AE22BBF98B00545C00 /* courseworkZooTests.swift in Sources */,
			);
			runOnlyForDeploymentPostprocessing = 0;
		};
		4E2D80C82274E11900B5E194 /* Sources */ = {
			isa = PBXSourcesBuildPhase;
			buildActionMask = 2147483647;
			files = (
				4E175CF222BE7A7000690F79 /* BiotopeBinding.swift in Sources */,
				4E0E9DD622D62C5500528AC0 /* ChooseSavedPathViewModel.swift in Sources */,
				4E1AA7B722E0A40B00B9CE77 /* ClassViewModel.swift in Sources */,
				4E01E18522D461F80016B533 /* TitleHeader.swift in Sources */,
				4E1F46A622E5D82C00B9B757 /* PavilionsViewController.swift in Sources */,
				4E18BAC122E88B53003B0FEA /* SearchResultsPopoverViewController.swift in Sources */,
				4E082E3A22F0959B002F0475 /* AnimalsInContinentViewController.swift in Sources */,
				4E86DAD5227D99E800F78027 /* LocalityType.swift in Sources */,
				4E0E9DD222D5FBC500528AC0 /* AnimalWithActionCell.swift in Sources */,
				4E0E9DC422D5CEC900528AC0 /* SelectAnimalsToPathViewController.swift in Sources */,
				4E069C4422F5BB57009722EA /* strings.swift in Sources */,
				4EF6ADBB22BAA097006D9648 /* AppDependency.swift in Sources */,
				4E70200422FC144B0028C595 /* LegendViewItem.swift in Sources */,
				4E175CFE22BE99D500690F79 /* Biotope.swift in Sources */,
				4E163E7822D724200090176F /* SavePathPopoverViewController.swift in Sources */,
				4E0EB69D22B37EB100831DDB /* Constants.swift in Sources */,
				4E0434FA22DB1CD600C5D912 /* SelectInformationViewModel.swift in Sources */,
				4E106BA322C3806800D236A9 /* GoBackDelegate.swift in Sources */,
				4E0CBFFB22D36A5F008E076A /* MainLexiconViewController.swift in Sources */,
				4E106B9F22C3605600D236A9 /* MainViewController.swift in Sources */,
				4E19306722BD4AC800716BAD /* Repository.swift in Sources */,
				4E175CFC22BE99C000690F79 /* Food.swift in Sources */,
				4E08028422DC96620085B226 /* ProcessAnimalInformationService.swift in Sources */,
				4E106BAB22C39DDB00D236A9 /* BaseViewController.swift in Sources */,
				4E1AF93922E9B5600064BF74 /* Screen.swift in Sources */,
				4E1F46AA22E5E78700B9B757 /* AnimalsInPavilionViewController.swift in Sources */,
				4E01E18B22D4ACDD0016B533 /* HasVoiceSettingsRepository.swift in Sources */,
				4E0E9DC822D5D08F00528AC0 /* PathRepository.swift in Sources */,
				4E1F781D22E452A600436437 /* AnimalsInBiotopeViewController.swift in Sources */,
				4E01E18922D4A97E0016B533 /* VoiceSettingsRepository.swift in Sources */,
				4E0EBAF922B4E997003D9CD1 /* BaseViewModel.swift in Sources */,
				4E04B7EF22BA23AA00349FA0 /* AnimalDetailViewController.swift in Sources */,
				4EAE637822C4EC9800624328 /* HasFoodBindingsRepository.swift in Sources */,
				4E19737722D906A000BB41D1 /* SettingParametersOfVisitViewController.swift in Sources */,
				4E0CBFFD22D36B01008E076A /* MainLexiconViewModel.swift in Sources */,
				4E86DAD3227D7F2A00F78027 /* Continent.swift in Sources */,
				4E2609D5227DADEB00D41EDA /* LocalityRepository.swift in Sources */,
				4E082E3822F05E97002F0475 /* AnimalsInContinentViewModel.swift in Sources */,
				4EAE636E22C4EC2400624328 /* HasAnimalRepository.swift in Sources */,
				4E32BFD322FDAF4200D503FF /* CountService.swift in Sources */,
				4E175CF822BE800700690F79 /* Bindable.swift in Sources */,
				4E0E9DD822D62CA200528AC0 /* ChooseSavedPathViewController.swift in Sources */,
				4E734AAA22C7797D000A74B1 /* LoadedEntity.swift in Sources */,
				4EAE637222C4EC5000624328 /* HasSpeechService.swift in Sources */,
				4E1F782122E48DAF00436437 /* BaseLexiconViewController.swift in Sources */,
				4E0E9DCC22D5E3D000528AC0 /* HasPathRepository.swift in Sources */,
				4E1F46A822E5E61400B9B757 /* AnimalsInPavilionViewModel.swift in Sources */,
				4E1AA7BD22E0B8A600B9CE77 /* HasClassRepository.swift in Sources */,
				4E10C4D822D080D30028EBBC /* Colors.swift in Sources */,
				4E1AA7C122E0FE7F00B9CE77 /* OrdersInClassViewModel.swift in Sources */,
				4E734AA222C7740D000A74B1 /* AlmostEquatable.swift in Sources */,
				4E106BA922C3812500D236A9 /* MainDelegate.swift in Sources */,
				4E01D56922B930BE00CE4552 /* LoadError.swift in Sources */,
				4E1311DA22E3B0F600F6CD1A /* AnimalsInBiotopeViewModel.swift in Sources */,
				4E70200622FC159A0028C595 /* LegendView.swift in Sources */,
				4E128A7A22F9923F00B9B802 /* PieceOfPath.swift in Sources */,
				4EAE637022C4EC3700624328 /* HasLocalityRepository.swift in Sources */,
				4E2609D3227DADD300D41EDA /* AnimalRepository.swift in Sources */,
				4E161B6922DEFF970078C372 /* AnimalAnnotation.swift in Sources */,
				4E106BA722C380A100D236A9 /* GoToAnimalDetailDelegate.swift in Sources */,
				4EAE637A22C4ECAF00624328 /* HasContinentBindingsRepository.swift in Sources */,
				4E18BABF22E88061003B0FEA /* BaseLexiconViewModel.swift in Sources */,
				4E175CF422BE7A8200690F79 /* FoodBinding.swift in Sources */,
				4E1AA7B922E0B42300B9CE77 /* Class.swift in Sources */,
				4E175CF622BE7D1400690F79 /* ContinentBinding.swift in Sources */,
				4E1F228B22E25A760026CCDF /* BiotopesViewController.swift in Sources */,
				4E1AA7BF22E0BA9400B9CE77 /* ClassViewController.swift in Sources */,
				4E19737322D902AE00BB41D1 /* SettingParametersOfVisitViewModel.swift in Sources */,
				4E175CF022BE78BF00690F79 /* AnimalDetailViewModel.swift in Sources */,
				4E0E9DCE22D5E50100528AC0 /* SelectAnimalsToPathViewModel.swift in Sources */,
				4E0E553F22F1ACB90014E118 /* KindsOfFoodViewController.swift in Sources */,
				4E32BFD122FDAB0F00D503FF /* Line.swift in Sources */,
				4E3F483922E21C4E00585CCB /* AnimalsInOrderViewController.swift in Sources */,
				4E05C92922ECA4BB00A8CA01 /* RouteWithAnimalsService.swift in Sources */,
				4E09264C22B79968001BEAED /* SpeechService.swift in Sources */,
				4E0EB69F22B3870600831DDB /* String.swift in Sources */,
				4E2D80D02274E11900B5E194 /* AppDelegate.swift in Sources */,
				4E0CBFF722D35300008E076A /* VerticalMenu.swift in Sources */,
				4E0E9DCA22D5DC1100528AC0 /* Path.swift in Sources */,
				4E1F46A422E5D6E300B9B757 /* PavilionsViewModel.swift in Sources */,
				4E09264A22B79876001BEAED /* Actuality.swift in Sources */,
				4E3F483722E21A1A00585CCB /* AnimalsInOrderViewModel.swift in Sources */,
				4E0E9DD022D5F5BA00528AC0 /* GoToLexiconDelegate.swift in Sources */,
				4E0CBFF922D3531C008E076A /* VerticalMenuItem.swift in Sources */,
				4E734AA522C774DC000A74B1 /* SaidInfo.swift in Sources */,
				4EA6015922EB7E6600B29185 /* LexiconDelegate.swift in Sources */,
				4E0386B322BFF84100250011 /* MainViewModel.swift in Sources */,
				4E082E3622F0318F002F0475 /* ContinentsViewController.swift in Sources */,
				4E0E554122F1C8740014E118 /* AnimalsEatingKindOfFoodViewModel.swift in Sources */,
				4E0AA4B72288630E00398D53 /* APIService.swift in Sources */,
				4EF6ADBD22BAD0BC006D9648 /* BaseFlowCoordinator.swift in Sources */,
				4E806576227CCAF6006A312A /* Animal.swift in Sources */,
				4E1F228922E2590C0026CCDF /* BiotopesViewModel.swift in Sources */,
				4E1AA7BB22E0B4D100B9CE77 /* ClassRepository.swift in Sources */,
				4E163E7A22D73FBF0090176F /* SavePathViewModel.swift in Sources */,
				4E082E3422F03045002F0475 /* ContinentsViewModel.swift in Sources */,
				4E86DAD7227D99FD00F78027 /* Locality.swift in Sources */,
				4E19737522D9035200BB41D1 /* HasParametersOfVisitRepository.swift in Sources */,
				4E0E553D22F1ABF70014E118 /* KindsOfFoodViewModel.swift in Sources */,
				4E1AA7C322E1011B00B9CE77 /* OrdersInClassViewController.swift in Sources */,
				4EF6ADB922BA9F84006D9648 /* AppFlowCoordinator.swift in Sources */,
				4E08028622DCC2690085B226 /* HasProcessAnimalInformationService.swift in Sources */,
				4E0434FC22DB5CB300C5D912 /* SelectInformationViewController.swift in Sources */,
				4EAE637622C4EC8400624328 /* HasBiotopeBindingsRepository.swift in Sources */,
				4E0E9DDA22D6414300528AC0 /* ParametersOfVisitRepository.swift in Sources */,
				4E05C92F22ECEA5E00A8CA01 /* HasRouteWithAnimalsService.swift in Sources */,
				4E0BACD122F3382D00D908A9 /* AnimalsEatingKindOfFoodViewController.swift in Sources */,
				4E175CFA22BE818C00690F79 /* BindingRepository.swift in Sources */,
			);
			runOnlyForDeploymentPostprocessing = 0;
		};
/* End PBXSourcesBuildPhase section */

/* Begin PBXTargetDependency section */
		4E029B7522BEF5F900CAE074 /* PBXTargetDependency */ = {
			isa = PBXTargetDependency;
			target = 4E029B7022BEF5EC00CAE074 /* Localization */;
			targetProxy = 4E029B7422BEF5F900CAE074 /* PBXContainerItemProxy */;
		};
		4E0A669522BBF78800545C00 /* PBXTargetDependency */ = {
			isa = PBXTargetDependency;
			target = 4E2D80CB2274E11900B5E194 /* courseworkZoo */;
			targetProxy = 4E0A669422BBF78800545C00 /* PBXContainerItemProxy */;
		};
		4E0A66B122BBF98B00545C00 /* PBXTargetDependency */ = {
			isa = PBXTargetDependency;
			target = 4E2D80CB2274E11900B5E194 /* courseworkZoo */;
			targetProxy = 4E0A66B022BBF98B00545C00 /* PBXContainerItemProxy */;
		};
/* End PBXTargetDependency section */

/* Begin PBXVariantGroup section */
		4E10C6FC2279921900CB6821 /* Localizable.strings */ = {
			isa = PBXVariantGroup;
			children = (
				4E10C6FB2279921900CB6821 /* en */,
				4E10C6FD2279923E00CB6821 /* cs */,
			);
			name = Localizable.strings;
			sourceTree = "<group>";
		};
		4E2D80D32274E11A00B5E194 /* Main.storyboard */ = {
			isa = PBXVariantGroup;
			children = (
				4E2D80D42274E11A00B5E194 /* Base */,
			);
			name = Main.storyboard;
			sourceTree = "<group>";
		};
		4E2D80D82274E13A00B5E194 /* LaunchScreen.storyboard */ = {
			isa = PBXVariantGroup;
			children = (
				4E2D80D92274E13A00B5E194 /* Base */,
			);
			name = LaunchScreen.storyboard;
			sourceTree = "<group>";
		};
/* End PBXVariantGroup section */

/* Begin XCBuildConfiguration section */
		4E029B7122BEF5EE00CAE074 /* Debug */ = {
			isa = XCBuildConfiguration;
			buildSettings = {
				CODE_SIGN_STYLE = Automatic;
				DEVELOPMENT_TEAM = 34792P2FZY;
				PRODUCT_NAME = "$(TARGET_NAME)";
			};
			name = Debug;
		};
		4E029B7222BEF5EE00CAE074 /* Release */ = {
			isa = XCBuildConfiguration;
			buildSettings = {
				CODE_SIGN_STYLE = Automatic;
				DEVELOPMENT_TEAM = 34792P2FZY;
				PRODUCT_NAME = "$(TARGET_NAME)";
			};
			name = Release;
		};
		4E0A669722BBF78800545C00 /* Debug */ = {
			isa = XCBuildConfiguration;
			baseConfigurationReference = 21DAF67788D63D012A2C0282 /* Pods-courseworkZooUITests.debug.xcconfig */;
			buildSettings = {
				CODE_SIGN_STYLE = Automatic;
				DEVELOPMENT_TEAM = 34792P2FZY;
				INFOPLIST_FILE = courseworkZooUITests/Info.plist;
				LD_RUNPATH_SEARCH_PATHS = (
					"$(inherited)",
					"@executable_path/Frameworks",
					"@loader_path/Frameworks",
				);
				PRODUCT_BUNDLE_IDENTIFIER = cz.cvut.fit.supdnie.courseworkZooUITests;
				PRODUCT_NAME = "$(TARGET_NAME)";
				SWIFT_VERSION = 5.0;
				TARGETED_DEVICE_FAMILY = "1,2";
				TEST_TARGET_NAME = courseworkZoo;
			};
			name = Debug;
		};
		4E0A669822BBF78800545C00 /* Release */ = {
			isa = XCBuildConfiguration;
			baseConfigurationReference = 15055743658EC55C1708E79F /* Pods-courseworkZooUITests.release.xcconfig */;
			buildSettings = {
				CODE_SIGN_STYLE = Automatic;
				DEVELOPMENT_TEAM = 34792P2FZY;
				INFOPLIST_FILE = courseworkZooUITests/Info.plist;
				LD_RUNPATH_SEARCH_PATHS = (
					"$(inherited)",
					"@executable_path/Frameworks",
					"@loader_path/Frameworks",
				);
				PRODUCT_BUNDLE_IDENTIFIER = cz.cvut.fit.supdnie.courseworkZooUITests;
				PRODUCT_NAME = "$(TARGET_NAME)";
				SWIFT_VERSION = 5.0;
				TARGETED_DEVICE_FAMILY = "1,2";
				TEST_TARGET_NAME = courseworkZoo;
			};
			name = Release;
		};
		4E0A66B322BBF98B00545C00 /* Debug */ = {
			isa = XCBuildConfiguration;
			baseConfigurationReference = 0065C0B0CF7EE03AF505E78F /* Pods-courseworkZooTests.debug.xcconfig */;
			buildSettings = {
				BUNDLE_LOADER = "$(BUILT_PRODUCTS_DIR)/courseworkZoo.app/courseworkZoo";
				CODE_SIGN_STYLE = Automatic;
				DEVELOPMENT_TEAM = 34792P2FZY;
				INFOPLIST_FILE = courseworkZooTests/Info.plist;
				LD_RUNPATH_SEARCH_PATHS = (
					"$(inherited)",
					"@executable_path/Frameworks",
					"@loader_path/Frameworks",
				);
				PRODUCT_BUNDLE_IDENTIFIER = cz.cvut.fit.supdnie.courseworkZooTests;
				PRODUCT_NAME = "$(TARGET_NAME)";
				SWIFT_VERSION = 5.0;
				TARGETED_DEVICE_FAMILY = "1,2";
				TEST_HOST = "$(BUILT_PRODUCTS_DIR)/courseworkZoo.app/courseworkZoo";
			};
			name = Debug;
		};
		4E0A66B422BBF98B00545C00 /* Release */ = {
			isa = XCBuildConfiguration;
			baseConfigurationReference = 4C800E6386323D85CE879763 /* Pods-courseworkZooTests.release.xcconfig */;
			buildSettings = {
				BUNDLE_LOADER = "$(BUILT_PRODUCTS_DIR)/courseworkZoo.app/courseworkZoo";
				CODE_SIGN_STYLE = Automatic;
				DEVELOPMENT_TEAM = 34792P2FZY;
				INFOPLIST_FILE = courseworkZooTests/Info.plist;
				LD_RUNPATH_SEARCH_PATHS = (
					"$(inherited)",
					"@executable_path/Frameworks",
					"@loader_path/Frameworks",
				);
				PRODUCT_BUNDLE_IDENTIFIER = cz.cvut.fit.supdnie.courseworkZooTests;
				PRODUCT_NAME = "$(TARGET_NAME)";
				SWIFT_VERSION = 5.0;
				TARGETED_DEVICE_FAMILY = "1,2";
				TEST_HOST = "$(BUILT_PRODUCTS_DIR)/courseworkZoo.app/courseworkZoo";
			};
			name = Release;
		};
		4E2D80DC2274E13A00B5E194 /* Debug */ = {
			isa = XCBuildConfiguration;
			buildSettings = {
				ALWAYS_SEARCH_USER_PATHS = NO;
				CLANG_ANALYZER_LOCALIZABILITY_NONLOCALIZED = YES;
				CLANG_ANALYZER_NONNULL = YES;
				CLANG_ANALYZER_NUMBER_OBJECT_CONVERSION = YES_AGGRESSIVE;
				CLANG_CXX_LANGUAGE_STANDARD = "gnu++14";
				CLANG_CXX_LIBRARY = "libc++";
				CLANG_ENABLE_MODULES = YES;
				CLANG_ENABLE_OBJC_ARC = YES;
				CLANG_ENABLE_OBJC_WEAK = YES;
				CLANG_WARN_BLOCK_CAPTURE_AUTORELEASING = YES;
				CLANG_WARN_BOOL_CONVERSION = YES;
				CLANG_WARN_COMMA = YES;
				CLANG_WARN_CONSTANT_CONVERSION = YES;
				CLANG_WARN_DEPRECATED_OBJC_IMPLEMENTATIONS = YES;
				CLANG_WARN_DIRECT_OBJC_ISA_USAGE = YES_ERROR;
				CLANG_WARN_DOCUMENTATION_COMMENTS = YES;
				CLANG_WARN_EMPTY_BODY = YES;
				CLANG_WARN_ENUM_CONVERSION = YES;
				CLANG_WARN_INFINITE_RECURSION = YES;
				CLANG_WARN_INT_CONVERSION = YES;
				CLANG_WARN_NON_LITERAL_NULL_CONVERSION = YES;
				CLANG_WARN_OBJC_IMPLICIT_RETAIN_SELF = YES;
				CLANG_WARN_OBJC_LITERAL_CONVERSION = YES;
				CLANG_WARN_OBJC_ROOT_CLASS = YES_ERROR;
				CLANG_WARN_RANGE_LOOP_ANALYSIS = YES;
				CLANG_WARN_STRICT_PROTOTYPES = YES;
				CLANG_WARN_SUSPICIOUS_MOVE = YES;
				CLANG_WARN_UNGUARDED_AVAILABILITY = YES_AGGRESSIVE;
				CLANG_WARN_UNREACHABLE_CODE = YES;
				CLANG_WARN__DUPLICATE_METHOD_MATCH = YES;
				CODE_SIGN_IDENTITY = "iPhone Developer";
				COPY_PHASE_STRIP = NO;
				DEBUG_INFORMATION_FORMAT = dwarf;
				DEVELOPMENT_TEAM = 34792P2FZY;
				ENABLE_STRICT_OBJC_MSGSEND = YES;
				ENABLE_TESTABILITY = YES;
				GCC_C_LANGUAGE_STANDARD = gnu11;
				GCC_DYNAMIC_NO_PIC = NO;
				GCC_NO_COMMON_BLOCKS = YES;
				GCC_OPTIMIZATION_LEVEL = 0;
				GCC_PREPROCESSOR_DEFINITIONS = (
					"DEBUG=1",
					"$(inherited)",
				);
				GCC_WARN_64_TO_32_BIT_CONVERSION = YES;
				GCC_WARN_ABOUT_RETURN_TYPE = YES_ERROR;
				GCC_WARN_UNDECLARED_SELECTOR = YES;
				GCC_WARN_UNINITIALIZED_AUTOS = YES_AGGRESSIVE;
				GCC_WARN_UNUSED_FUNCTION = YES;
				GCC_WARN_UNUSED_VARIABLE = YES;
				IPHONEOS_DEPLOYMENT_TARGET = 12.2;
				MTL_ENABLE_DEBUG_INFO = INCLUDE_SOURCE;
				MTL_FAST_MATH = YES;
				ONLY_ACTIVE_ARCH = YES;
				SDKROOT = iphoneos;
				SWIFT_ACTIVE_COMPILATION_CONDITIONS = DEBUG;
				SWIFT_OPTIMIZATION_LEVEL = "-Onone";
			};
			name = Debug;
		};
		4E2D80DD2274E13A00B5E194 /* Release */ = {
			isa = XCBuildConfiguration;
			buildSettings = {
				ALWAYS_SEARCH_USER_PATHS = NO;
				CLANG_ANALYZER_LOCALIZABILITY_NONLOCALIZED = YES;
				CLANG_ANALYZER_NONNULL = YES;
				CLANG_ANALYZER_NUMBER_OBJECT_CONVERSION = YES_AGGRESSIVE;
				CLANG_CXX_LANGUAGE_STANDARD = "gnu++14";
				CLANG_CXX_LIBRARY = "libc++";
				CLANG_ENABLE_MODULES = YES;
				CLANG_ENABLE_OBJC_ARC = YES;
				CLANG_ENABLE_OBJC_WEAK = YES;
				CLANG_WARN_BLOCK_CAPTURE_AUTORELEASING = YES;
				CLANG_WARN_BOOL_CONVERSION = YES;
				CLANG_WARN_COMMA = YES;
				CLANG_WARN_CONSTANT_CONVERSION = YES;
				CLANG_WARN_DEPRECATED_OBJC_IMPLEMENTATIONS = YES;
				CLANG_WARN_DIRECT_OBJC_ISA_USAGE = YES_ERROR;
				CLANG_WARN_DOCUMENTATION_COMMENTS = YES;
				CLANG_WARN_EMPTY_BODY = YES;
				CLANG_WARN_ENUM_CONVERSION = YES;
				CLANG_WARN_INFINITE_RECURSION = YES;
				CLANG_WARN_INT_CONVERSION = YES;
				CLANG_WARN_NON_LITERAL_NULL_CONVERSION = YES;
				CLANG_WARN_OBJC_IMPLICIT_RETAIN_SELF = YES;
				CLANG_WARN_OBJC_LITERAL_CONVERSION = YES;
				CLANG_WARN_OBJC_ROOT_CLASS = YES_ERROR;
				CLANG_WARN_RANGE_LOOP_ANALYSIS = YES;
				CLANG_WARN_STRICT_PROTOTYPES = YES;
				CLANG_WARN_SUSPICIOUS_MOVE = YES;
				CLANG_WARN_UNGUARDED_AVAILABILITY = YES_AGGRESSIVE;
				CLANG_WARN_UNREACHABLE_CODE = YES;
				CLANG_WARN__DUPLICATE_METHOD_MATCH = YES;
				CODE_SIGN_IDENTITY = "iPhone Developer";
				COPY_PHASE_STRIP = NO;
				DEBUG_INFORMATION_FORMAT = "dwarf-with-dsym";
				DEVELOPMENT_TEAM = 34792P2FZY;
				ENABLE_NS_ASSERTIONS = NO;
				ENABLE_STRICT_OBJC_MSGSEND = YES;
				GCC_C_LANGUAGE_STANDARD = gnu11;
				GCC_NO_COMMON_BLOCKS = YES;
				GCC_WARN_64_TO_32_BIT_CONVERSION = YES;
				GCC_WARN_ABOUT_RETURN_TYPE = YES_ERROR;
				GCC_WARN_UNDECLARED_SELECTOR = YES;
				GCC_WARN_UNINITIALIZED_AUTOS = YES_AGGRESSIVE;
				GCC_WARN_UNUSED_FUNCTION = YES;
				GCC_WARN_UNUSED_VARIABLE = YES;
				IPHONEOS_DEPLOYMENT_TARGET = 12.2;
				MTL_ENABLE_DEBUG_INFO = NO;
				MTL_FAST_MATH = YES;
				SDKROOT = iphoneos;
				SWIFT_COMPILATION_MODE = wholemodule;
				SWIFT_OPTIMIZATION_LEVEL = "-O";
				VALIDATE_PRODUCT = YES;
			};
			name = Release;
		};
		4E2D80DF2274E13A00B5E194 /* Debug */ = {
			isa = XCBuildConfiguration;
			baseConfigurationReference = 2F038A22DAA03BC1D0A75CD2 /* Pods-courseworkZoo.debug.xcconfig */;
			buildSettings = {
				ALWAYS_EMBED_SWIFT_STANDARD_LIBRARIES = YES;
				ASSETCATALOG_COMPILER_APPICON_NAME = AppIcon;
				CODE_SIGN_STYLE = Automatic;
				DEVELOPMENT_TEAM = 34792P2FZY;
				INFOPLIST_FILE = courseworkZoo/Info.plist;
				INFOPLIST_PREFIX_HEADER = courseworkZoo/info_preprocess_header.h;
				INFOPLIST_PREPROCESS = YES;
				LD_RUNPATH_SEARCH_PATHS = (
					"$(inherited)",
					"@executable_path/Frameworks",
				);
				PRODUCT_BUNDLE_IDENTIFIER = secondVMWareImage.tutorial.courseworkZoo;
				PRODUCT_NAME = "$(TARGET_NAME)";
				SWIFT_VERSION = 4.2;
				TARGETED_DEVICE_FAMILY = "1,2";
			};
			name = Debug;
		};
		4E2D80E02274E13A00B5E194 /* Release */ = {
			isa = XCBuildConfiguration;
			baseConfigurationReference = 736DA627B3ED9290F288642A /* Pods-courseworkZoo.release.xcconfig */;
			buildSettings = {
				ALWAYS_EMBED_SWIFT_STANDARD_LIBRARIES = YES;
				ASSETCATALOG_COMPILER_APPICON_NAME = AppIcon;
				CODE_SIGN_STYLE = Automatic;
				DEVELOPMENT_TEAM = 34792P2FZY;
				INFOPLIST_FILE = courseworkZoo/Info.plist;
				INFOPLIST_PREFIX_HEADER = courseworkZoo/info_preprocess_header.h;
				INFOPLIST_PREPROCESS = YES;
				LD_RUNPATH_SEARCH_PATHS = (
					"$(inherited)",
					"@executable_path/Frameworks",
				);
				PRODUCT_BUNDLE_IDENTIFIER = secondVMWareImage.tutorial.courseworkZoo;
				PRODUCT_NAME = "$(TARGET_NAME)";
				SWIFT_VERSION = 4.2;
				TARGETED_DEVICE_FAMILY = "1,2";
			};
			name = Release;
		};
/* End XCBuildConfiguration section */

/* Begin XCConfigurationList section */
		4E029B7322BEF5EE00CAE074 /* Build configuration list for PBXAggregateTarget "Localization" */ = {
			isa = XCConfigurationList;
			buildConfigurations = (
				4E029B7122BEF5EE00CAE074 /* Debug */,
				4E029B7222BEF5EE00CAE074 /* Release */,
			);
			defaultConfigurationIsVisible = 0;
			defaultConfigurationName = Release;
		};
		4E0A669622BBF78800545C00 /* Build configuration list for PBXNativeTarget "courseworkZooUITests" */ = {
			isa = XCConfigurationList;
			buildConfigurations = (
				4E0A669722BBF78800545C00 /* Debug */,
				4E0A669822BBF78800545C00 /* Release */,
			);
			defaultConfigurationIsVisible = 0;
			defaultConfigurationName = Release;
		};
		4E0A66B222BBF98B00545C00 /* Build configuration list for PBXNativeTarget "courseworkZooTests" */ = {
			isa = XCConfigurationList;
			buildConfigurations = (
				4E0A66B322BBF98B00545C00 /* Debug */,
				4E0A66B422BBF98B00545C00 /* Release */,
			);
			defaultConfigurationIsVisible = 0;
			defaultConfigurationName = Release;
		};
		4E2D80C72274E11900B5E194 /* Build configuration list for PBXProject "courseworkZoo" */ = {
			isa = XCConfigurationList;
			buildConfigurations = (
				4E2D80DC2274E13A00B5E194 /* Debug */,
				4E2D80DD2274E13A00B5E194 /* Release */,
			);
			defaultConfigurationIsVisible = 0;
			defaultConfigurationName = Release;
		};
		4E2D80DE2274E13A00B5E194 /* Build configuration list for PBXNativeTarget "courseworkZoo" */ = {
			isa = XCConfigurationList;
			buildConfigurations = (
				4E2D80DF2274E13A00B5E194 /* Debug */,
				4E2D80E02274E13A00B5E194 /* Release */,
			);
			defaultConfigurationIsVisible = 0;
			defaultConfigurationName = Release;
		};
/* End XCConfigurationList section */
	};
	rootObject = 4E2D80C42274E11900B5E194 /* Project object */;
}
