// !$*UTF8*$!
{
	archiveVersion = 1;
	classes = {
	};
	objectVersion = 50;
	objects = {

/* Begin PBXBuildFile section */
		36842284AC7704A71EF232A0 /* Pods_courseworkZoo.framework in Frameworks */ = {isa = PBXBuildFile; fileRef = 711782C2015ED379B8884DBE /* Pods_courseworkZoo.framework */; };
		4E01D56922B930BE00CE4552 /* LoadError.swift in Sources */ = {isa = PBXBuildFile; fileRef = 4E01D56822B930BE00CE4552 /* LoadError.swift */; };
		4E04B7ED22BA239100349FA0 /* AnimalListViewController.swift in Sources */ = {isa = PBXBuildFile; fileRef = 4E04B7EC22BA239100349FA0 /* AnimalListViewController.swift */; };
		4E04B7EF22BA23AA00349FA0 /* AnimalDetailViewController.swift in Sources */ = {isa = PBXBuildFile; fileRef = 4E04B7EE22BA23AA00349FA0 /* AnimalDetailViewController.swift */; };
		4E09264A22B79876001BEAED /* Actuality.swift in Sources */ = {isa = PBXBuildFile; fileRef = 4E09264922B79876001BEAED /* Actuality.swift */; };
		4E09264C22B79968001BEAED /* SpeechService.swift in Sources */ = {isa = PBXBuildFile; fileRef = 4E09264B22B79968001BEAED /* SpeechService.swift */; };
		4E09264E22B79A5B001BEAED /* AnimalViewModel.swift in Sources */ = {isa = PBXBuildFile; fileRef = 4E09264D22B79A5B001BEAED /* AnimalViewModel.swift */; };
		4E0AA4B72288630E00398D53 /* APIService.swift in Sources */ = {isa = PBXBuildFile; fileRef = 4E0AA4B62288630E00398D53 /* APIService.swift */; };
		4E0EB69D22B37EB100831DDB /* Constants.swift in Sources */ = {isa = PBXBuildFile; fileRef = 4E0EB69C22B37EB100831DDB /* Constants.swift */; };
		4E0EB69F22B3870600831DDB /* String.swift in Sources */ = {isa = PBXBuildFile; fileRef = 4E0EB69E22B3870600831DDB /* String.swift */; };
		4E0EBAF722B4E8FA003D9CD1 /* LocalityViewModel.swift in Sources */ = {isa = PBXBuildFile; fileRef = 4E0EBAF622B4E8FA003D9CD1 /* LocalityViewModel.swift */; };
		4E0EBAF922B4E997003D9CD1 /* BaseViewModel.swift in Sources */ = {isa = PBXBuildFile; fileRef = 4E0EBAF822B4E997003D9CD1 /* BaseViewModel.swift */; };
		4E10C6FA2279921900CB6821 /* Localizable.strings in Resources */ = {isa = PBXBuildFile; fileRef = 4E10C6FC2279921900CB6821 /* Localizable.strings */; };
		4E14844D22B7D19F0018A823 /* Coords.swift in Sources */ = {isa = PBXBuildFile; fileRef = 4E14844C22B7D19F0018A823 /* Coords.swift */; };
		4E2609D3227DADD300D41EDA /* AnimalRepository.swift in Sources */ = {isa = PBXBuildFile; fileRef = 4E2609D2227DADD300D41EDA /* AnimalRepository.swift */; };
		4E2609D5227DADEB00D41EDA /* LocalityRepository.swift in Sources */ = {isa = PBXBuildFile; fileRef = 4E2609D4227DADEB00D41EDA /* LocalityRepository.swift */; };
		4E2D80D02274E11900B5E194 /* AppDelegate.swift in Sources */ = {isa = PBXBuildFile; fileRef = 4E2D80CF2274E11900B5E194 /* AppDelegate.swift */; };
		4E2D80D22274E11900B5E194 /* ViewController.swift in Sources */ = {isa = PBXBuildFile; fileRef = 4E2D80D12274E11900B5E194 /* ViewController.swift */; };
		4E2D80D52274E11A00B5E194 /* Main.storyboard in Resources */ = {isa = PBXBuildFile; fileRef = 4E2D80D32274E11A00B5E194 /* Main.storyboard */; };
		4E2D80D72274E13A00B5E194 /* Assets.xcassets in Resources */ = {isa = PBXBuildFile; fileRef = 4E2D80D62274E13A00B5E194 /* Assets.xcassets */; };
		4E2D80DA2274E13A00B5E194 /* LaunchScreen.storyboard in Resources */ = {isa = PBXBuildFile; fileRef = 4E2D80D82274E13A00B5E194 /* LaunchScreen.storyboard */; };
		4E806576227CCAF6006A312A /* Animal.swift in Sources */ = {isa = PBXBuildFile; fileRef = 4E806575227CCAF6006A312A /* Animal.swift */; };
		4E86DAD1227D7ECE00F78027 /* AnimalKind.swift in Sources */ = {isa = PBXBuildFile; fileRef = 4E86DAD0227D7ECE00F78027 /* AnimalKind.swift */; };
		4E86DAD3227D7F2A00F78027 /* Continent.swift in Sources */ = {isa = PBXBuildFile; fileRef = 4E86DAD2227D7F2A00F78027 /* Continent.swift */; };
		4E86DAD5227D99E800F78027 /* LocalityType.swift in Sources */ = {isa = PBXBuildFile; fileRef = 4E86DAD4227D99E800F78027 /* LocalityType.swift */; };
		4E86DAD7227D99FD00F78027 /* Locality.swift in Sources */ = {isa = PBXBuildFile; fileRef = 4E86DAD6227D99FD00F78027 /* Locality.swift */; };
/* End PBXBuildFile section */

/* Begin PBXFileReference section */
		2F038A22DAA03BC1D0A75CD2 /* Pods-courseworkZoo.debug.xcconfig */ = {isa = PBXFileReference; includeInIndex = 1; lastKnownFileType = text.xcconfig; name = "Pods-courseworkZoo.debug.xcconfig"; path = "Target Support Files/Pods-courseworkZoo/Pods-courseworkZoo.debug.xcconfig"; sourceTree = "<group>"; };
		4E01D56822B930BE00CE4552 /* LoadError.swift */ = {isa = PBXFileReference; lastKnownFileType = sourcecode.swift; name = LoadError.swift; path = courseworkZoo/Model/LoadError.swift; sourceTree = SOURCE_ROOT; };
		4E04B7EC22BA239100349FA0 /* AnimalListViewController.swift */ = {isa = PBXFileReference; lastKnownFileType = sourcecode.swift; path = AnimalListViewController.swift; sourceTree = "<group>"; };
		4E04B7EE22BA23AA00349FA0 /* AnimalDetailViewController.swift */ = {isa = PBXFileReference; lastKnownFileType = sourcecode.swift; path = AnimalDetailViewController.swift; sourceTree = "<group>"; };
		4E04B7F122BA643C00349FA0 /* info_preprocess_header.h */ = {isa = PBXFileReference; lastKnownFileType = sourcecode.c.h; path = info_preprocess_header.h; sourceTree = "<group>"; };
		4E09264922B79876001BEAED /* Actuality.swift */ = {isa = PBXFileReference; lastKnownFileType = sourcecode.swift; path = Actuality.swift; sourceTree = "<group>"; };
		4E09264B22B79968001BEAED /* SpeechService.swift */ = {isa = PBXFileReference; lastKnownFileType = sourcecode.swift; name = SpeechService.swift; path = courseworkZoo/Model/SpeechService.swift; sourceTree = SOURCE_ROOT; };
		4E09264D22B79A5B001BEAED /* AnimalViewModel.swift */ = {isa = PBXFileReference; lastKnownFileType = sourcecode.swift; name = AnimalViewModel.swift; path = courseworkZoo/Model/AnimalViewModel.swift; sourceTree = SOURCE_ROOT; };
		4E0AA4B62288630E00398D53 /* APIService.swift */ = {isa = PBXFileReference; lastKnownFileType = sourcecode.swift; path = APIService.swift; sourceTree = SOURCE_ROOT; };
		4E0EB69C22B37EB100831DDB /* Constants.swift */ = {isa = PBXFileReference; lastKnownFileType = sourcecode.swift; path = Constants.swift; sourceTree = SOURCE_ROOT; };
		4E0EB69E22B3870600831DDB /* String.swift */ = {isa = PBXFileReference; lastKnownFileType = sourcecode.swift; path = String.swift; sourceTree = SOURCE_ROOT; };
		4E0EBAF622B4E8FA003D9CD1 /* LocalityViewModel.swift */ = {isa = PBXFileReference; lastKnownFileType = sourcecode.swift; name = LocalityViewModel.swift; path = courseworkZoo/Model/LocalityViewModel.swift; sourceTree = SOURCE_ROOT; };
		4E0EBAF822B4E997003D9CD1 /* BaseViewModel.swift */ = {isa = PBXFileReference; lastKnownFileType = sourcecode.swift; name = BaseViewModel.swift; path = courseworkZoo/Model/BaseViewModel.swift; sourceTree = SOURCE_ROOT; };
		4E10C6FB2279921900CB6821 /* en */ = {isa = PBXFileReference; lastKnownFileType = text.plist.strings; name = en; path = en.lproj/Localizable.strings; sourceTree = "<group>"; };
		4E10C6FD2279923E00CB6821 /* cs */ = {isa = PBXFileReference; lastKnownFileType = text.plist.strings; name = cs; path = cs.lproj/Localizable.strings; sourceTree = "<group>"; };
		4E14844C22B7D19F0018A823 /* Coords.swift */ = {isa = PBXFileReference; lastKnownFileType = sourcecode.swift; path = Coords.swift; sourceTree = "<group>"; };
		4E2609D2227DADD300D41EDA /* AnimalRepository.swift */ = {isa = PBXFileReference; lastKnownFileType = sourcecode.swift; path = AnimalRepository.swift; sourceTree = SOURCE_ROOT; };
		4E2609D4227DADEB00D41EDA /* LocalityRepository.swift */ = {isa = PBXFileReference; lastKnownFileType = sourcecode.swift; path = LocalityRepository.swift; sourceTree = SOURCE_ROOT; };
		4E2D80CC2274E11900B5E194 /* courseworkZoo.app */ = {isa = PBXFileReference; explicitFileType = wrapper.application; includeInIndex = 0; path = courseworkZoo.app; sourceTree = BUILT_PRODUCTS_DIR; };
		4E2D80CF2274E11900B5E194 /* AppDelegate.swift */ = {isa = PBXFileReference; lastKnownFileType = sourcecode.swift; path = AppDelegate.swift; sourceTree = "<group>"; };
		4E2D80D12274E11900B5E194 /* ViewController.swift */ = {isa = PBXFileReference; lastKnownFileType = sourcecode.swift; path = ViewController.swift; sourceTree = "<group>"; };
		4E2D80D42274E11A00B5E194 /* Base */ = {isa = PBXFileReference; lastKnownFileType = file.storyboard; name = Base; path = Base.lproj/Main.storyboard; sourceTree = "<group>"; };
		4E2D80D62274E13A00B5E194 /* Assets.xcassets */ = {isa = PBXFileReference; lastKnownFileType = folder.assetcatalog; path = Assets.xcassets; sourceTree = "<group>"; };
		4E2D80D92274E13A00B5E194 /* Base */ = {isa = PBXFileReference; lastKnownFileType = file.storyboard; name = Base; path = Base.lproj/LaunchScreen.storyboard; sourceTree = "<group>"; };
		4E2D80DB2274E13A00B5E194 /* Info.plist */ = {isa = PBXFileReference; lastKnownFileType = text.plist.xml; path = Info.plist; sourceTree = "<group>"; };
		4E806575227CCAF6006A312A /* Animal.swift */ = {isa = PBXFileReference; lastKnownFileType = sourcecode.swift; path = Animal.swift; sourceTree = SOURCE_ROOT; };
		4E86DAD0227D7ECE00F78027 /* AnimalKind.swift */ = {isa = PBXFileReference; lastKnownFileType = sourcecode.swift; path = AnimalKind.swift; sourceTree = SOURCE_ROOT; };
		4E86DAD2227D7F2A00F78027 /* Continent.swift */ = {isa = PBXFileReference; lastKnownFileType = sourcecode.swift; path = Continent.swift; sourceTree = SOURCE_ROOT; };
		4E86DAD4227D99E800F78027 /* LocalityType.swift */ = {isa = PBXFileReference; lastKnownFileType = sourcecode.swift; path = LocalityType.swift; sourceTree = SOURCE_ROOT; };
		4E86DAD6227D99FD00F78027 /* Locality.swift */ = {isa = PBXFileReference; lastKnownFileType = sourcecode.swift; path = Locality.swift; sourceTree = SOURCE_ROOT; };
		711782C2015ED379B8884DBE /* Pods_courseworkZoo.framework */ = {isa = PBXFileReference; explicitFileType = wrapper.framework; includeInIndex = 0; path = Pods_courseworkZoo.framework; sourceTree = BUILT_PRODUCTS_DIR; };
		736DA627B3ED9290F288642A /* Pods-courseworkZoo.release.xcconfig */ = {isa = PBXFileReference; includeInIndex = 1; lastKnownFileType = text.xcconfig; name = "Pods-courseworkZoo.release.xcconfig"; path = "Target Support Files/Pods-courseworkZoo/Pods-courseworkZoo.release.xcconfig"; sourceTree = "<group>"; };
/* End PBXFileReference section */

/* Begin PBXFrameworksBuildPhase section */
		4E2D80C92274E11900B5E194 /* Frameworks */ = {
			isa = PBXFrameworksBuildPhase;
			buildActionMask = 2147483647;
			files = (
				36842284AC7704A71EF232A0 /* Pods_courseworkZoo.framework in Frameworks */,
			);
			runOnlyForDeploymentPostprocessing = 0;
		};
/* End PBXFrameworksBuildPhase section */

/* Begin PBXGroup section */
		4E10C6F322798A8F00CB6821 /* Model */ = {
			isa = PBXGroup;
			children = (
				4E806575227CCAF6006A312A /* Animal.swift */,
				4E86DAD0227D7ECE00F78027 /* AnimalKind.swift */,
				4E86DAD2227D7F2A00F78027 /* Continent.swift */,
				4E86DAD4227D99E800F78027 /* LocalityType.swift */,
				4E86DAD6227D99FD00F78027 /* Locality.swift */,
				4E09264922B79876001BEAED /* Actuality.swift */,
				4E14844C22B7D19F0018A823 /* Coords.swift */,
			);
			path = Model;
			sourceTree = "<group>";
		};
		4E10C6F422798AB300CB6821 /* Service */ = {
			isa = PBXGroup;
			children = (
				4E2609D2227DADD300D41EDA /* AnimalRepository.swift */,
				4E2609D4227DADEB00D41EDA /* LocalityRepository.swift */,
				4E0AA4B62288630E00398D53 /* APIService.swift */,
				4E0EB69C22B37EB100831DDB /* Constants.swift */,
				4E0EB69E22B3870600831DDB /* String.swift */,
				4E09264B22B79968001BEAED /* SpeechService.swift */,
				4E01D56822B930BE00CE4552 /* LoadError.swift */,
			);
			path = Service;
			sourceTree = "<group>";
		};
		4E10C6F522798ABF00CB6821 /* ViewModel */ = {
			isa = PBXGroup;
			children = (
				4E0EBAF622B4E8FA003D9CD1 /* LocalityViewModel.swift */,
				4E0EBAF822B4E997003D9CD1 /* BaseViewModel.swift */,
				4E09264D22B79A5B001BEAED /* AnimalViewModel.swift */,
			);
			path = ViewModel;
			sourceTree = "<group>";
		};
		4E2D80C32274E11800B5E194 = {
			isa = PBXGroup;
			children = (
				4E2D80CE2274E11900B5E194 /* courseworkZoo */,
				4E2D80CD2274E11900B5E194 /* Products */,
				C014CA5AAB35D6DDA17D49CF /* Pods */,
				76214DEAFEAD80C2F7F18AD0 /* Frameworks */,
			);
			sourceTree = "<group>";
		};
		4E2D80CD2274E11900B5E194 /* Products */ = {
			isa = PBXGroup;
			children = (
				4E2D80CC2274E11900B5E194 /* courseworkZoo.app */,
			);
			name = Products;
			sourceTree = "<group>";
		};
		4E2D80CE2274E11900B5E194 /* courseworkZoo */ = {
			isa = PBXGroup;
			children = (
				4E10C6F522798ABF00CB6821 /* ViewModel */,
				4E10C6F422798AB300CB6821 /* Service */,
				4E10C6F322798A8F00CB6821 /* Model */,
				4E2D80CF2274E11900B5E194 /* AppDelegate.swift */,
				4E2D80D12274E11900B5E194 /* ViewController.swift */,
				4E2D80D32274E11A00B5E194 /* Main.storyboard */,
				4E2D80D62274E13A00B5E194 /* Assets.xcassets */,
				4E2D80D82274E13A00B5E194 /* LaunchScreen.storyboard */,
				4E2D80DB2274E13A00B5E194 /* Info.plist */,
				4E10C6FC2279921900CB6821 /* Localizable.strings */,
				4E04B7EC22BA239100349FA0 /* AnimalListViewController.swift */,
				4E04B7EE22BA23AA00349FA0 /* AnimalDetailViewController.swift */,
				4E04B7F122BA643C00349FA0 /* info_preprocess_header.h */,
			);
			path = courseworkZoo;
			sourceTree = "<group>";
		};
		76214DEAFEAD80C2F7F18AD0 /* Frameworks */ = {
			isa = PBXGroup;
			children = (
				711782C2015ED379B8884DBE /* Pods_courseworkZoo.framework */,
			);
			name = Frameworks;
			sourceTree = "<group>";
		};
		C014CA5AAB35D6DDA17D49CF /* Pods */ = {
			isa = PBXGroup;
			children = (
				2F038A22DAA03BC1D0A75CD2 /* Pods-courseworkZoo.debug.xcconfig */,
				736DA627B3ED9290F288642A /* Pods-courseworkZoo.release.xcconfig */,
			);
			path = Pods;
			sourceTree = "<group>";
		};
/* End PBXGroup section */

/* Begin PBXNativeTarget section */
		4E2D80CB2274E11900B5E194 /* courseworkZoo */ = {
			isa = PBXNativeTarget;
			buildConfigurationList = 4E2D80DE2274E13A00B5E194 /* Build configuration list for PBXNativeTarget "courseworkZoo" */;
			buildPhases = (
				4E04B7F022BA50DA00349FA0 /* Generate version number */,
				4A8E673611D16B34240FAD42 /* [CP] Check Pods Manifest.lock */,
				4E2D80C82274E11900B5E194 /* Sources */,
				4E2D80C92274E11900B5E194 /* Frameworks */,
				4E2D80CA2274E11900B5E194 /* Resources */,
				7863148C818D57F84A802793 /* [CP] Embed Pods Frameworks */,
			);
			buildRules = (
			);
			dependencies = (
			);
			name = courseworkZoo;
			productName = courseworkZoo;
			productReference = 4E2D80CC2274E11900B5E194 /* courseworkZoo.app */;
			productType = "com.apple.product-type.application";
		};
/* End PBXNativeTarget section */

/* Begin PBXProject section */
		4E2D80C42274E11900B5E194 /* Project object */ = {
			isa = PBXProject;
			attributes = {
				LastSwiftUpdateCheck = 1010;
				LastUpgradeCheck = 1010;
				ORGANIZATIONNAME = "Daniel Šup";
				TargetAttributes = {
					4E2D80CB2274E11900B5E194 = {
						CreatedOnToolsVersion = 10.1;
					};
				};
			};
			buildConfigurationList = 4E2D80C72274E11900B5E194 /* Build configuration list for PBXProject "courseworkZoo" */;
			compatibilityVersion = "Xcode 9.3";
			developmentRegion = en;
			hasScannedForEncodings = 0;
			knownRegions = (
				en,
				Base,
				cs,
			);
			mainGroup = 4E2D80C32274E11800B5E194;
			productRefGroup = 4E2D80CD2274E11900B5E194 /* Products */;
			projectDirPath = "";
			projectRoot = "";
			targets = (
				4E2D80CB2274E11900B5E194 /* courseworkZoo */,
			);
		};
/* End PBXProject section */

/* Begin PBXResourcesBuildPhase section */
		4E2D80CA2274E11900B5E194 /* Resources */ = {
			isa = PBXResourcesBuildPhase;
			buildActionMask = 2147483647;
			files = (
				4E2D80DA2274E13A00B5E194 /* LaunchScreen.storyboard in Resources */,
				4E10C6FA2279921900CB6821 /* Localizable.strings in Resources */,
				4E2D80D72274E13A00B5E194 /* Assets.xcassets in Resources */,
				4E2D80D52274E11A00B5E194 /* Main.storyboard in Resources */,
			);
			runOnlyForDeploymentPostprocessing = 0;
		};
/* End PBXResourcesBuildPhase section */

/* Begin PBXShellScriptBuildPhase section */
		4A8E673611D16B34240FAD42 /* [CP] Check Pods Manifest.lock */ = {
			isa = PBXShellScriptBuildPhase;
			buildActionMask = 2147483647;
			files = (
			);
			inputFileListPaths = (
			);
			inputPaths = (
				"${PODS_PODFILE_DIR_PATH}/Podfile.lock",
				"${PODS_ROOT}/Manifest.lock",
			);
			name = "[CP] Check Pods Manifest.lock";
			outputFileListPaths = (
			);
			outputPaths = (
				"$(DERIVED_FILE_DIR)/Pods-courseworkZoo-checkManifestLockResult.txt",
			);
			runOnlyForDeploymentPostprocessing = 0;
			shellPath = /bin/sh;
			shellScript = "diff \"${PODS_PODFILE_DIR_PATH}/Podfile.lock\" \"${PODS_ROOT}/Manifest.lock\" > /dev/null\nif [ $? != 0 ] ; then\n    # print error to STDERR\n    echo \"error: The sandbox is not in sync with the Podfile.lock. Run 'pod install' or update your CocoaPods installation.\" >&2\n    exit 1\nfi\n# This output is used by Xcode 'outputs' to avoid re-running this script phase.\necho \"SUCCESS\" > \"${SCRIPT_OUTPUT_FILE_0}\"\n";
			showEnvVarsInLog = 0;
		};
		4E04B7F022BA50DA00349FA0 /* Generate version number */ = {
			isa = PBXShellScriptBuildPhase;
			buildActionMask = 2147483647;
			files = (
			);
			inputFileListPaths = (
			);
			inputPaths = (
			);
			name = "Generate version number";
			outputFileListPaths = (
			);
			outputPaths = (
			);
			runOnlyForDeploymentPostprocessing = 0;
			shellPath = /bin/sh;
			shellScript = "BUILD_NUMBER=$(cat \"courseworkZoo/info_preprocess_header.h\" | tail -n 1 | cut -d' ' -f3)\nBUILD_NUMBER=$((BUILD_NUMBER + 1))\necho \"#define BUILD_NUMBER $BUILD_NUMBER\" > \"courseworkZoo/info_preprocess_header.h\"\ntouch $INFOPLIST_FILE\n";
		};
		7863148C818D57F84A802793 /* [CP] Embed Pods Frameworks */ = {
			isa = PBXShellScriptBuildPhase;
			buildActionMask = 2147483647;
			files = (
			);
			inputFileListPaths = (
			);
			inputPaths = (
				"${PODS_ROOT}/Target Support Files/Pods-courseworkZoo/Pods-courseworkZoo-frameworks.sh",
				"${BUILT_PRODUCTS_DIR}/ReactiveSwift/ReactiveSwift.framework",
				"${BUILT_PRODUCTS_DIR}/Result/Result.framework",
				"${BUILT_PRODUCTS_DIR}/SnapKit/SnapKit.framework",
			);
			name = "[CP] Embed Pods Frameworks";
			outputFileListPaths = (
			);
			outputPaths = (
				"${TARGET_BUILD_DIR}/${FRAMEWORKS_FOLDER_PATH}/ReactiveSwift.framework",
				"${TARGET_BUILD_DIR}/${FRAMEWORKS_FOLDER_PATH}/Result.framework",
				"${TARGET_BUILD_DIR}/${FRAMEWORKS_FOLDER_PATH}/SnapKit.framework",
			);
			runOnlyForDeploymentPostprocessing = 0;
			shellPath = /bin/sh;
			shellScript = "\"${PODS_ROOT}/Target Support Files/Pods-courseworkZoo/Pods-courseworkZoo-frameworks.sh\"\n";
			showEnvVarsInLog = 0;
		};
/* End PBXShellScriptBuildPhase section */

/* Begin PBXSourcesBuildPhase section */
		4E2D80C82274E11900B5E194 /* Sources */ = {
			isa = PBXSourcesBuildPhase;
			buildActionMask = 2147483647;
			files = (
				4E86DAD5227D99E800F78027 /* LocalityType.swift in Sources */,
				4E0EB69D22B37EB100831DDB /* Constants.swift in Sources */,
				4E04B7ED22BA239100349FA0 /* AnimalListViewController.swift in Sources */,
				4E2D80D22274E11900B5E194 /* ViewController.swift in Sources */,
				4E0EBAF922B4E997003D9CD1 /* BaseViewModel.swift in Sources */,
				4E04B7EF22BA23AA00349FA0 /* AnimalDetailViewController.swift in Sources */,
				4E86DAD3227D7F2A00F78027 /* Continent.swift in Sources */,
				4E2609D5227DADEB00D41EDA /* LocalityRepository.swift in Sources */,
				4E09264E22B79A5B001BEAED /* AnimalViewModel.swift in Sources */,
				4E01D56922B930BE00CE4552 /* LoadError.swift in Sources */,
				4E2609D3227DADD300D41EDA /* AnimalRepository.swift in Sources */,
				4E09264C22B79968001BEAED /* SpeechService.swift in Sources */,
				4E0EB69F22B3870600831DDB /* String.swift in Sources */,
				4E0EBAF722B4E8FA003D9CD1 /* LocalityViewModel.swift in Sources */,
				4E2D80D02274E11900B5E194 /* AppDelegate.swift in Sources */,
				4E09264A22B79876001BEAED /* Actuality.swift in Sources */,
				4E14844D22B7D19F0018A823 /* Coords.swift in Sources */,
				4E0AA4B72288630E00398D53 /* APIService.swift in Sources */,
				4E806576227CCAF6006A312A /* Animal.swift in Sources */,
				4E86DAD7227D99FD00F78027 /* Locality.swift in Sources */,
				4E86DAD1227D7ECE00F78027 /* AnimalKind.swift in Sources */,
			);
			runOnlyForDeploymentPostprocessing = 0;
		};
/* End PBXSourcesBuildPhase section */

/* Begin PBXVariantGroup section */
		4E10C6FC2279921900CB6821 /* Localizable.strings */ = {
			isa = PBXVariantGroup;
			children = (
				4E10C6FB2279921900CB6821 /* en */,
				4E10C6FD2279923E00CB6821 /* cs */,
			);
			name = Localizable.strings;
			sourceTree = "<group>";
		};
		4E2D80D32274E11A00B5E194 /* Main.storyboard */ = {
			isa = PBXVariantGroup;
			children = (
				4E2D80D42274E11A00B5E194 /* Base */,
			);
			name = Main.storyboard;
			sourceTree = "<group>";
		};
		4E2D80D82274E13A00B5E194 /* LaunchScreen.storyboard */ = {
			isa = PBXVariantGroup;
			children = (
				4E2D80D92274E13A00B5E194 /* Base */,
			);
			name = LaunchScreen.storyboard;
			sourceTree = "<group>";
		};
/* End PBXVariantGroup section */

/* Begin XCBuildConfiguration section */
		4E2D80DC2274E13A00B5E194 /* Debug */ = {
			isa = XCBuildConfiguration;
			buildSettings = {
				ALWAYS_SEARCH_USER_PATHS = NO;
				CLANG_ANALYZER_LOCALIZABILITY_NONLOCALIZED = YES;
				CLANG_ANALYZER_NONNULL = YES;
				CLANG_ANALYZER_NUMBER_OBJECT_CONVERSION = YES_AGGRESSIVE;
				CLANG_CXX_LANGUAGE_STANDARD = "gnu++14";
				CLANG_CXX_LIBRARY = "libc++";
				CLANG_ENABLE_MODULES = YES;
				CLANG_ENABLE_OBJC_ARC = YES;
				CLANG_ENABLE_OBJC_WEAK = YES;
				CLANG_WARN_BLOCK_CAPTURE_AUTORELEASING = YES;
				CLANG_WARN_BOOL_CONVERSION = YES;
				CLANG_WARN_COMMA = YES;
				CLANG_WARN_CONSTANT_CONVERSION = YES;
				CLANG_WARN_DEPRECATED_OBJC_IMPLEMENTATIONS = YES;
				CLANG_WARN_DIRECT_OBJC_ISA_USAGE = YES_ERROR;
				CLANG_WARN_DOCUMENTATION_COMMENTS = YES;
				CLANG_WARN_EMPTY_BODY = YES;
				CLANG_WARN_ENUM_CONVERSION = YES;
				CLANG_WARN_INFINITE_RECURSION = YES;
				CLANG_WARN_INT_CONVERSION = YES;
				CLANG_WARN_NON_LITERAL_NULL_CONVERSION = YES;
				CLANG_WARN_OBJC_IMPLICIT_RETAIN_SELF = YES;
				CLANG_WARN_OBJC_LITERAL_CONVERSION = YES;
				CLANG_WARN_OBJC_ROOT_CLASS = YES_ERROR;
				CLANG_WARN_RANGE_LOOP_ANALYSIS = YES;
				CLANG_WARN_STRICT_PROTOTYPES = YES;
				CLANG_WARN_SUSPICIOUS_MOVE = YES;
				CLANG_WARN_UNGUARDED_AVAILABILITY = YES_AGGRESSIVE;
				CLANG_WARN_UNREACHABLE_CODE = YES;
				CLANG_WARN__DUPLICATE_METHOD_MATCH = YES;
				CODE_SIGN_IDENTITY = "iPhone Developer";
				COPY_PHASE_STRIP = NO;
				DEBUG_INFORMATION_FORMAT = dwarf;
				ENABLE_STRICT_OBJC_MSGSEND = YES;
				ENABLE_TESTABILITY = YES;
				GCC_C_LANGUAGE_STANDARD = gnu11;
				GCC_DYNAMIC_NO_PIC = NO;
				GCC_NO_COMMON_BLOCKS = YES;
				GCC_OPTIMIZATION_LEVEL = 0;
				GCC_PREPROCESSOR_DEFINITIONS = (
					"DEBUG=1",
					"$(inherited)",
				);
				GCC_WARN_64_TO_32_BIT_CONVERSION = YES;
				GCC_WARN_ABOUT_RETURN_TYPE = YES_ERROR;
				GCC_WARN_UNDECLARED_SELECTOR = YES;
				GCC_WARN_UNINITIALIZED_AUTOS = YES_AGGRESSIVE;
				GCC_WARN_UNUSED_FUNCTION = YES;
				GCC_WARN_UNUSED_VARIABLE = YES;
				IPHONEOS_DEPLOYMENT_TARGET = 12.2;
				MTL_ENABLE_DEBUG_INFO = INCLUDE_SOURCE;
				MTL_FAST_MATH = YES;
				ONLY_ACTIVE_ARCH = YES;
				SDKROOT = iphoneos;
				SWIFT_ACTIVE_COMPILATION_CONDITIONS = DEBUG;
				SWIFT_OPTIMIZATION_LEVEL = "-Onone";
			};
			name = Debug;
		};
		4E2D80DD2274E13A00B5E194 /* Release */ = {
			isa = XCBuildConfiguration;
			buildSettings = {
				ALWAYS_SEARCH_USER_PATHS = NO;
				CLANG_ANALYZER_LOCALIZABILITY_NONLOCALIZED = YES;
				CLANG_ANALYZER_NONNULL = YES;
				CLANG_ANALYZER_NUMBER_OBJECT_CONVERSION = YES_AGGRESSIVE;
				CLANG_CXX_LANGUAGE_STANDARD = "gnu++14";
				CLANG_CXX_LIBRARY = "libc++";
				CLANG_ENABLE_MODULES = YES;
				CLANG_ENABLE_OBJC_ARC = YES;
				CLANG_ENABLE_OBJC_WEAK = YES;
				CLANG_WARN_BLOCK_CAPTURE_AUTORELEASING = YES;
				CLANG_WARN_BOOL_CONVERSION = YES;
				CLANG_WARN_COMMA = YES;
				CLANG_WARN_CONSTANT_CONVERSION = YES;
				CLANG_WARN_DEPRECATED_OBJC_IMPLEMENTATIONS = YES;
				CLANG_WARN_DIRECT_OBJC_ISA_USAGE = YES_ERROR;
				CLANG_WARN_DOCUMENTATION_COMMENTS = YES;
				CLANG_WARN_EMPTY_BODY = YES;
				CLANG_WARN_ENUM_CONVERSION = YES;
				CLANG_WARN_INFINITE_RECURSION = YES;
				CLANG_WARN_INT_CONVERSION = YES;
				CLANG_WARN_NON_LITERAL_NULL_CONVERSION = YES;
				CLANG_WARN_OBJC_IMPLICIT_RETAIN_SELF = YES;
				CLANG_WARN_OBJC_LITERAL_CONVERSION = YES;
				CLANG_WARN_OBJC_ROOT_CLASS = YES_ERROR;
				CLANG_WARN_RANGE_LOOP_ANALYSIS = YES;
				CLANG_WARN_STRICT_PROTOTYPES = YES;
				CLANG_WARN_SUSPICIOUS_MOVE = YES;
				CLANG_WARN_UNGUARDED_AVAILABILITY = YES_AGGRESSIVE;
				CLANG_WARN_UNREACHABLE_CODE = YES;
				CLANG_WARN__DUPLICATE_METHOD_MATCH = YES;
				CODE_SIGN_IDENTITY = "iPhone Developer";
				COPY_PHASE_STRIP = NO;
				DEBUG_INFORMATION_FORMAT = "dwarf-with-dsym";
				ENABLE_NS_ASSERTIONS = NO;
				ENABLE_STRICT_OBJC_MSGSEND = YES;
				GCC_C_LANGUAGE_STANDARD = gnu11;
				GCC_NO_COMMON_BLOCKS = YES;
				GCC_WARN_64_TO_32_BIT_CONVERSION = YES;
				GCC_WARN_ABOUT_RETURN_TYPE = YES_ERROR;
				GCC_WARN_UNDECLARED_SELECTOR = YES;
				GCC_WARN_UNINITIALIZED_AUTOS = YES_AGGRESSIVE;
				GCC_WARN_UNUSED_FUNCTION = YES;
				GCC_WARN_UNUSED_VARIABLE = YES;
				IPHONEOS_DEPLOYMENT_TARGET = 12.2;
				MTL_ENABLE_DEBUG_INFO = NO;
				MTL_FAST_MATH = YES;
				SDKROOT = iphoneos;
				SWIFT_COMPILATION_MODE = wholemodule;
				SWIFT_OPTIMIZATION_LEVEL = "-O";
				VALIDATE_PRODUCT = YES;
			};
			name = Release;
		};
		4E2D80DF2274E13A00B5E194 /* Debug */ = {
			isa = XCBuildConfiguration;
			baseConfigurationReference = 2F038A22DAA03BC1D0A75CD2 /* Pods-courseworkZoo.debug.xcconfig */;
			buildSettings = {
				ASSETCATALOG_COMPILER_APPICON_NAME = AppIcon;
				CODE_SIGN_STYLE = Automatic;
				DEVELOPMENT_TEAM = 34792P2FZY;
				INFOPLIST_FILE = courseworkZoo/Info.plist;
				INFOPLIST_PREFIX_HEADER = courseworkZoo/info_preprocess_header.h;
				INFOPLIST_PREPROCESS = YES;
				LD_RUNPATH_SEARCH_PATHS = (
					"$(inherited)",
					"@executable_path/Frameworks",
				);
				PRODUCT_BUNDLE_IDENTIFIER = secondVMWareImage.tutorial.courseworkZoo;
				PRODUCT_NAME = "$(TARGET_NAME)";
				SWIFT_VERSION = 4.2;
				TARGETED_DEVICE_FAMILY = "1,2";
			};
			name = Debug;
		};
		4E2D80E02274E13A00B5E194 /* Release */ = {
			isa = XCBuildConfiguration;
			baseConfigurationReference = 736DA627B3ED9290F288642A /* Pods-courseworkZoo.release.xcconfig */;
			buildSettings = {
				ASSETCATALOG_COMPILER_APPICON_NAME = AppIcon;
				CODE_SIGN_STYLE = Automatic;
				DEVELOPMENT_TEAM = 34792P2FZY;
				INFOPLIST_FILE = courseworkZoo/Info.plist;
				INFOPLIST_PREFIX_HEADER = courseworkZoo/info_preprocess_header.h;
				INFOPLIST_PREPROCESS = YES;
				LD_RUNPATH_SEARCH_PATHS = (
					"$(inherited)",
					"@executable_path/Frameworks",
				);
				PRODUCT_BUNDLE_IDENTIFIER = secondVMWareImage.tutorial.courseworkZoo;
				PRODUCT_NAME = "$(TARGET_NAME)";
				SWIFT_VERSION = 4.2;
				TARGETED_DEVICE_FAMILY = "1,2";
			};
			name = Release;
		};
/* End XCBuildConfiguration section */

/* Begin XCConfigurationList section */
		4E2D80C72274E11900B5E194 /* Build configuration list for PBXProject "courseworkZoo" */ = {
			isa = XCConfigurationList;
			buildConfigurations = (
				4E2D80DC2274E13A00B5E194 /* Debug */,
				4E2D80DD2274E13A00B5E194 /* Release */,
			);
			defaultConfigurationIsVisible = 0;
			defaultConfigurationName = Release;
		};
		4E2D80DE2274E13A00B5E194 /* Build configuration list for PBXNativeTarget "courseworkZoo" */ = {
			isa = XCConfigurationList;
			buildConfigurations = (
				4E2D80DF2274E13A00B5E194 /* Debug */,
				4E2D80E02274E13A00B5E194 /* Release */,
			);
			defaultConfigurationIsVisible = 0;
			defaultConfigurationName = Release;
		};
/* End XCConfigurationList section */
	};
	rootObject = 4E2D80C42274E11900B5E194 /* Project object */;
}
